# Generated by conda-lock.
# platform: win-64
# input_hash: 242cc486eeea4891712e6b25f7d1c4461e1caa4743b40d8b5da026391c01085c

channels:
  - conda-forge
  - nodefaults
dependencies:
  - _openmp_mutex=4.5=20_gnu
  - annotated-types=0.7.0=pyhd8ed1ab_1
  - asciitree=0.3.3=py_2
  - backports.zstd=1.3.0=py312h06d0912_0
  - bokeh=3.6.3=pyhd8ed1ab_0
  - brotli=1.2.0=h2d644bc_1
  - brotli-bin=1.2.0=hfd05255_1
  - brotli-python=1.2.0=py312hc6d9e41_1
  - bzip2=1.0.8=h0ad9c76_9
  - ca-certificates=2026.2.25=h4c7d964_0
  - cached-property=1.5.2=hd8ed1ab_1
  - cached_property=1.5.2=pyha770c72_1
  - click=8.3.1=pyha7b4d00_1
  - cloudpickle=3.1.2=pyhcf101f3_1
  - colorama=0.4.6=pyhd8ed1ab_1
  - contourpy=1.3.3=py312h78d62e6_4
  - cycler=0.12.1=pyhcf101f3_2
  - cytoolz=1.1.0=py312he06e257_2
  - dask-core=2025.3.1=pyhd8ed1ab_0
  - deprecated=1.3.1=pyhd8ed1ab_1
  - discretize=0.12.0=np2py312h7c90ba1_1
  - distributed=2025.3.1=pyhd8ed1ab_0
  - et_xmlfile=2.0.0=pyhd8ed1ab_1
  - fasteners=0.19=pyhd8ed1ab_1
  - fonttools=4.62.0=py312h05f76fc_0
  - freetype=2.14.3=h57928b3_0
  - fsspec=2026.2.0=pyhd8ed1ab_0
  - geoana=0.8.1=np2py312h7c90ba1_0
  - h2=4.3.0=pyhcf101f3_0
  - h5py=3.16.0=nompi_py312h03cd2ba_100
  - hdf5=1.14.6=nompi_hae35d4c_108
  - hpack=4.1.0=pyhd8ed1ab_0
  - hyperframe=6.1.0=pyhd8ed1ab_0
  - importlib-metadata=8.8.0=pyhcf101f3_0
  - jinja2=3.1.6=pyhcf101f3_1
  - joblib=1.5.3=pyhd8ed1ab_0
  - kiwisolver=1.5.0=py312h78d62e6_0
  - krb5=1.22.2=h0ea6238_0
  - lcms2=2.18=hf2c6c5f_0
  - lerc=4.1.0=hd936e49_0
  - libaec=1.1.5=haf901d7_0
  - libblas=3.11.0=6_hf2e6a31_mkl
  - libbrotlicommon=1.2.0=hfd05255_1
  - libbrotlidec=1.2.0=hfd05255_1
  - libbrotlienc=1.2.0=hfd05255_1
  - libcblas=3.11.0=6_h2a3cdd5_mkl
  - libcurl=8.19.0=h8206538_0
  - libdeflate=1.25=h51727cc_0
  - libdlf=0.3.0=pyhd8ed1ab_1
  - libexpat=2.7.4=hac47afa_0
  - libffi=3.5.2=h3d046cb_0
  - libfreetype=2.14.3=h57928b3_0
  - libfreetype6=2.14.3=hdbac1cb_0
  - libgcc=15.2.0=h8ee18e1_18
  - libgomp=15.2.0=h8ee18e1_18
  - libhwloc=2.12.2=default_h4379cf1_1000
  - libiconv=1.18=hc1393d2_2
  - libjpeg-turbo=3.1.2=hfd05255_0
  - liblapack=3.11.0=6_hf9ab0e9_mkl
  - liblzma=5.8.2=hfd05255_0
  - libpng=1.6.56=h7351971_0
  - libspatialindex=2.1.0=h518811d_0
  - libsqlite=3.52.0=hf5d6505_0
  - libssh2=1.11.1=h9aa295b_0
  - libtiff=4.7.1=h8f73337_1
  - libwebp-base=1.6.0=h4d5522a_0
  - libwinpthread=12.0.0.r4.gg4f2fc60ca=h57928b3_10
  - libxcb=1.17.0=h0e4246c_0
  - libxml2=2.15.2=h5d26750_0
  - libxml2-16=2.15.2=h692994f_0
  - libzlib=1.3.2=hfd05255_2
  - llvm-openmp=22.1.1=h4fa8253_0
  - locket=1.0.0=pyhd8ed1ab_0
  - markupsafe=3.0.3=py312h05f76fc_1
  - matplotlib-base=3.10.8=py312h0ebf65c_0
  - mkl=2025.3.1=hac47afa_11
  - msgpack-python=1.1.2=py312hf90b1b7_1
  - mumps-seq=5.8.2=h607cc0b_2
  - munkres=1.1.4=pyhd8ed1ab_1
  - numcodecs=0.15.1=py312hc128f0a_1
  - numpy=2.4.3=py312ha3f287d_0
  - openjpeg=2.5.4=h0e57b4f_0
  - openpyxl=3.1.5=py312h83acffa_3
  - openssl=3.6.1=hf411b9b_1
  - packaging=26.0=pyhcf101f3_0
  - pandas=3.0.1=py312h95189c4_0
  - partd=1.4.2=pyhd8ed1ab_0
  - pillow=12.1.1=py312h31f0997_0
  - pip=26.0.1=pyh8b19718_0
  - psutil=7.2.2=py312he5662c2_0
  - pthread-stubs=0.4=h0e40799_1002
  - pydantic=2.12.5=pyhcf101f3_1
  - pydantic-core=2.41.5=py312hdabe01f_1
  - pydiso=0.2.0=np2py312hd8dafd6_1
  - pymatsolver=0.3.1=pyh48887ae_201
  - pyparsing=3.3.2=pyhcf101f3_0
  - pysocks=1.7.1=pyh09c184e_7
  - python=3.12.13=h0159041_0_cpython
  - python-dateutil=2.9.0.post0=pyhe01879c_2
  - python-mumps=0.0.6=nompi_hd0d704b
  - python-tzdata=2025.3=pyhd8ed1ab_0
  - python_abi=3.12=8_cp312
  - pyyaml=6.0.3=py312h05f76fc_1
  - qhull=2020.2=hc790b64_5
  - rtree=1.4.1=pyh11ca60a_0
  - scikit-learn=1.8.0=np2py312hea30aaf_1
  - scipy=1.17.1=py312h9b3c559_0
  - setuptools=82.0.1=pyh332efcf_0
  - six=1.17.0=pyhe01879c_1
  - sortedcontainers=2.4.0=pyhd8ed1ab_1
  - tbb=2022.3.0=h3155e25_2
  - tblib=3.2.2=pyhcf101f3_0
  - threadpoolctl=3.6.0=pyhecae5ae_0
  - tk=8.6.13=h6ed50ae_3
  - toolz=1.1.0=pyhd8ed1ab_1
  - tornado=6.5.5=py312he06e257_0
  - tqdm=4.67.3=pyha7b4d00_0
  - trimesh=4.1.8=pyhd8ed1ab_0
  - typing-extensions=4.15.0=h396c80c_0
  - typing-inspection=0.4.2=pyhd8ed1ab_1
  - typing_extensions=4.15.0=pyhcf101f3_0
  - tzdata=2025c=hc9c84f9_1
  - ucrt=10.0.26100.0=h57928b3_0
  - unicodedata2=17.0.1=py312he06e257_0
  - urllib3=2.6.3=pyhd8ed1ab_0
  - vc=14.3=h41ae7f8_34
  - vc14_runtime=14.44.35208=h818238b_34
  - vcomp14=14.44.35208=h818238b_34
  - wheel=0.46.3=pyhd8ed1ab_0
  - win_inet_pton=1.1.0=pyh7428d3b_8
  - wrapt=2.1.2=py312he06e257_0
  - xorg-libxau=1.0.12=hba3369d_1
  - xorg-libxdmcp=1.1.5=hba3369d_1
  - xyzservices=2025.11.0=pyhd8ed1ab_0
  - yaml=0.2.5=h6a83c73_3
  - zarr=2.14.2=pyhd8ed1ab_0
  - zict=3.0.0=pyhd8ed1ab_1
  - zipp=3.23.0=pyhcf101f3_1
  - zlib-ng=2.3.3=h0261ad2_1
  - zstd=1.5.7=h534d264_6
  - pip:
    - geoapps-utils @ git+https://github.com/MiraGeoscience/geoapps-utils.git@eb0474175000819e93d8dc701ed0fd6101c44451
    - geoh5py @ git+https://github.com/MiraGeoscience/geoh5py.git@a4d826715e5f529242e2c7eac2805e05e1ec3027
    - grid-apps @ git+https://github.com/MiraGeoscience/grid-apps.git@0e66e6b7a44ede34563da6a77ccd87a4cc7b5185
    - mira-simpeg @ git+https://github.com/MiraGeoscience/simpeg.git@f7dd0d37aac285dd9ece26396ee39ae72bd6d18d

variables:
  KMP_WARNINGS: 0
