# Generated by conda-lock.
# platform: linux-64
# input_hash: ca22b3cf594fe1241f8f87f565fd22f40f4228a4f15b395006f4324731b6a772

channels:
  - conda-forge
  - nodefaults
dependencies:
  - _libgcc_mutex=0.1=conda_forge
  - _openmp_mutex=4.5=2_kmp_llvm
  - annotated-types=0.7.0=pyhd8ed1ab_0
  - asciitree=0.3.3=py_2
  - brotli=1.1.0=hb9d3cd8_2
  - brotli-bin=1.1.0=hb9d3cd8_2
  - brotli-python=1.1.0=py310hf71b8c6_2
  - bzip2=1.0.8=h4bc722e_7
  - c-ares=1.34.3=hb9d3cd8_1
  - ca-certificates=2024.8.30=hbcca054_0
  - cached-property=1.5.2=hd8ed1ab_1
  - cached_property=1.5.2=pyha770c72_1
  - certifi=2024.8.30=pyhd8ed1ab_0
  - cffi=1.17.1=py310h8deb56e_0
  - click=8.1.7=unix_pyh707e725_0
  - cloudpickle=3.1.0=pyhd8ed1ab_1
  - colorama=0.4.6=pyhd8ed1ab_0
  - contourpy=1.3.1=py310h3788b33_0
  - cycler=0.12.1=pyhd8ed1ab_0
  - cytoolz=1.0.0=py310ha75aee5_1
  - dask-core=2024.6.2=pyhd8ed1ab_0
  - discretize=0.10.0=py310hcb52e73_1
  - distributed=2024.6.2=pyhd8ed1ab_0
  - empymod=2.2.2=pyhd8ed1ab_0
  - fasteners=0.17.3=pyhd8ed1ab_0
  - fonttools=4.55.0=py310h89163eb_0
  - freetype=2.12.1=h267a509_2
  - fsspec=2022.11.0=pyhd8ed1ab_0
  - geoana=0.5.0=py310hcb52e73_4
  - h2=4.1.0=pyhd8ed1ab_0
  - h5py=3.12.1=nompi_py310h60e0fe6_102
  - hdf5=1.14.3=nompi_hdf9ad27_105
  - hpack=4.0.0=pyh9f0ad1d_0
  - hyperframe=6.0.1=pyhd8ed1ab_0
  - importlib-metadata=8.5.0=pyha770c72_0
  - importlib_metadata=8.5.0=hd8ed1ab_0
  - jinja2=3.1.4=pyhd8ed1ab_0
  - joblib=1.4.2=pyhd8ed1ab_0
  - keyutils=1.6.1=h166bdaf_0
  - kiwisolver=1.4.7=py310h3788b33_0
  - krb5=1.21.3=h659f571_0
  - lcms2=2.16=hb7c19ff_0
  - ld_impl_linux-64=2.43=h712a8e2_2
  - lerc=4.0.0=h27087fc_0
  - libaec=1.1.3=h59595ed_0
  - libblas=3.9.0=20_linux64_mkl
  - libbrotlicommon=1.1.0=hb9d3cd8_2
  - libbrotlidec=1.1.0=hb9d3cd8_2
  - libbrotlienc=1.1.0=hb9d3cd8_2
  - libcblas=3.9.0=20_linux64_mkl
  - libcurl=8.10.1=hbbe4b11_0
  - libdeflate=1.22=hb9d3cd8_0
  - libdlf=0.3.0=pyhd8ed1ab_0
  - libedit=3.1.20191231=he28a2e2_2
  - libev=4.33=hd590300_2
  - libffi=3.4.2=h7f98852_5
  - libgcc=14.2.0=h77fa898_1
  - libgcc-ng=14.2.0=h69a702a_1
  - libgfortran=14.2.0=h69a702a_1
  - libgfortran-ng=14.2.0=h69a702a_1
  - libgfortran5=14.2.0=hd5240d6_1
  - libhwloc=2.11.1=default_hecaa2ac_1000
  - libiconv=1.17=hd590300_2
  - libjpeg-turbo=3.0.0=hd590300_1
  - liblapack=3.9.0=20_linux64_mkl
  - libllvm14=14.0.6=hcd5def8_4
  - libnghttp2=1.64.0=h161d5f1_0
  - libnsl=2.0.1=hd590300_0
  - libpng=1.6.44=hadc24fc_0
  - libsqlite=3.47.0=hadc24fc_1
  - libssh2=1.11.1=hf672d98_0
  - libstdcxx=14.2.0=hc0a3c3a_1
  - libstdcxx-ng=14.2.0=h4852527_1
  - libtiff=4.7.0=he137b08_1
  - libuuid=2.38.1=h0b41bf4_0
  - libwebp-base=1.4.0=hd590300_0
  - libxcb=1.17.0=h8a09558_0
  - libxcrypt=4.4.36=hd590300_1
  - libxml2=2.13.5=h064dc61_0
  - libzlib=1.3.1=hb9d3cd8_2
  - llvm-openmp=19.1.4=h024ca30_0
  - llvmlite=0.43.0=py310h1a6248f_1
  - locket=1.0.0=pyhd8ed1ab_0
  - markupsafe=3.0.2=py310h89163eb_0
  - matplotlib-base=3.8.4=py310hef631a5_2
  - mkl=2023.2.0=h84fe81f_50496
  - msgpack-python=1.1.0=py310h3788b33_0
  - munkres=1.1.4=pyh9f0ad1d_0
  - ncurses=6.5=he02047a_1
  - numba=0.60.0=py310h5dc88bb_0
  - numcodecs=0.13.1=py310h5eaa309_0
  - numpy=1.26.4=py310hb13e2d6_0
  - openjpeg=2.5.2=h488ebb8_0
  - openssl=3.4.0=hb9d3cd8_0
  - packaging=24.2=pyhff2d567_1
  - pandas=2.2.3=py310h5eaa309_1
  - partd=1.4.2=pyhd8ed1ab_0
  - pillow=10.3.0=py310hebfe307_1
  - pip=24.3.1=pyh8b19718_0
  - psutil=6.1.0=py310ha75aee5_0
  - pthread-stubs=0.4=hb9d3cd8_1002
  - pycparser=2.22=pyhd8ed1ab_0
  - pydantic=2.10.2=pyh3cfb1c2_0
  - pydantic-core=2.27.1=py310h505e2c1_0
  - pydiso=0.1.2=py310h7b68af5_0
  - pymatsolver=0.2.0=ha770c72_3
  - pymatsolver-base=0.2.0=pyh44b312d_3
  - pyparsing=3.2.0=pyhd8ed1ab_1
  - pysocks=1.7.1=pyha2e5f31_6
  - python=3.10.15=h4a871b0_2_cpython
  - python-dateutil=2.9.0.post0=pyhff2d567_0
  - python-tzdata=2023.4=pyhd8ed1ab_0
  - python_abi=3.10=5_cp310
  - pytz=2024.1=pyhd8ed1ab_0
  - pyyaml=6.0.2=py310ha75aee5_1
  - readline=8.2=h8228510_1
  - scikit-learn=1.4.2=py310h981052a_1
  - scipy=1.14.1=py310hfcf56fc_1
  - setuptools=75.6.0=pyhff2d567_1
  - six=1.16.0=pyh6c4a22f_0
  - sortedcontainers=2.4.0=pyhd8ed1ab_0
  - tbb=2021.12.0=h84d6215_4
  - tblib=3.0.0=pyhd8ed1ab_0
  - threadpoolctl=3.5.0=pyhc1e730c_0
  - tk=8.6.13=noxft_h4845f30_101
  - toolz=1.0.0=pyhd8ed1ab_0
  - tornado=6.4.2=py310ha75aee5_0
  - tqdm=4.67.1=pyhd8ed1ab_0
  - typing-extensions=4.12.2=hd8ed1ab_0
  - typing_extensions=4.12.2=pyha770c72_0
  - tzdata=2024b=hc8b5060_0
  - unicodedata2=15.1.0=py310ha75aee5_1
  - urllib3=2.2.3=pyhd8ed1ab_0
  - wheel=0.45.1=pyhd8ed1ab_0
  - xorg-libxau=1.0.11=hb9d3cd8_1
  - xorg-libxdmcp=1.1.5=hb9d3cd8_0
  - xz=5.2.6=h166bdaf_0
  - yaml=0.2.5=h7f98852_2
  - zarr=2.14.2=pyhd8ed1ab_0
  - zict=3.0.0=pyhd8ed1ab_0
  - zipp=3.21.0=pyhd8ed1ab_0
  - zstandard=0.23.0=py310ha39cb0e_1
  - zstd=1.5.6=ha6fb4c9_0
  - pip:
      - geoapps-utils @ git+https://github.com/MiraGeoscience/geoapps-utils.git@2a9d77a577fadf9c1256b0385e588e499f7f0dcf
      - geoh5py @ git+https://github.com/MiraGeoscience/geoh5py.git@d925c0b9b418a7c8e4c80e18a04fff640d455f43
      - mira-simpeg @ git+https://github.com/MiraGeoscience/simpeg.git@59133afc4586f2924236098f5f001d402f162667
      - octree-creation-app @ git+https://github.com/MiraGeoscience/octree-creation-app.git@8cf9eb474930e3d901a8a66737d896c4fb63f4fb
      - param-sweeps @ git+https://github.com/MiraGeoscience/param-sweeps.git@644febfba1e81b1777a8ebf86744541c8e1fce09

variables:
  KMP_WARNINGS: 0
