# Generated by conda-lock.
# platform: win-64
# input_hash: e9366d490217d0ff14d810f84143aa5b99608204d4f100db017f77dee02ba1b7

channels:
  - conda-forge
  - nodefaults
dependencies:
  - _openmp_mutex=4.5=2_gnu
  - annotated-types=0.7.0=pyhd8ed1ab_1
  - asciitree=0.3.3=py_2
  - bokeh=3.6.3=pyhd8ed1ab_0
  - brotli=1.2.0=h17ff524_0
  - brotli-bin=1.2.0=h6910e44_0
  - brotli-python=1.2.0=py312h9d5906e_0
  - bzip2=1.0.8=h0ad9c76_8
  - ca-certificates=2025.10.5=h4c7d964_0
  - cached-property=1.5.2=hd8ed1ab_1
  - cached_property=1.5.2=pyha770c72_1
  - certifi=2025.10.5=pyhd8ed1ab_0
  - cffi=2.0.0=py312he06e257_1
  - click=8.3.0=pyh7428d3b_0
  - cloudpickle=3.1.2=pyhd8ed1ab_0
  - colorama=0.4.6=pyhd8ed1ab_1
  - contourpy=1.3.3=py312hf90b1b7_2
  - cycler=0.12.1=pyhd8ed1ab_1
  - cytoolz=1.1.0=py312he06e257_1
  - dask-core=2025.3.0=pyhd8ed1ab_0
  - deprecated=1.3.1=pyhd8ed1ab_0
  - discretize=0.11.3=py312h9b46583_1
  - distributed=2025.3.0=pyhd8ed1ab_0
  - fasteners=0.19=pyhd8ed1ab_1
  - fonttools=4.60.1=py312h05f76fc_0
  - freetype=2.14.1=h57928b3_0
  - fsspec=2025.10.0=pyhd8ed1ab_0
  - geoana=0.7.2=py312h9b46583_1
  - h2=4.3.0=pyhcf101f3_0
  - h5py=3.15.1=nompi_py312h03cd2ba_100
  - hdf5=1.14.6=nompi_he30205f_103
  - hpack=4.1.0=pyhd8ed1ab_0
  - hyperframe=6.1.0=pyhd8ed1ab_0
  - importlib-metadata=8.7.0=pyhe01879c_1
  - jinja2=3.1.6=pyhd8ed1ab_0
  - joblib=1.5.2=pyhd8ed1ab_0
  - kiwisolver=1.4.9=py312h78d62e6_1
  - krb5=1.21.3=hdf4eb48_0
  - lcms2=2.17=hbcf6048_0
  - lerc=4.0.0=h6470a55_1
  - libaec=1.1.4=h20038f6_0
  - libblas=3.9.0=35_h5709861_mkl
  - libbrotlicommon=1.2.0=hc82b238_0
  - libbrotlidec=1.2.0=h431afc6_0
  - libbrotlienc=1.2.0=ha521d6b_0
  - libcblas=3.9.0=35_h2a3cdd5_mkl
  - libcurl=8.16.0=h43ecb02_0
  - libdeflate=1.25=h51727cc_0
  - libdlf=0.3.0=pyhd8ed1ab_1
  - libexpat=2.7.1=hac47afa_0
  - libffi=3.5.2=h52bdfb6_0
  - libfreetype=2.14.1=h57928b3_0
  - libfreetype6=2.14.1=hdbac1cb_0
  - libgcc=15.2.0=h1383e82_7
  - libgomp=15.2.0=h1383e82_7
  - libhwloc=2.12.1=default_h64bd3f2_1002
  - libiconv=1.18=hc1393d2_2
  - libjpeg-turbo=3.1.2=hfd05255_0
  - liblapack=3.9.0=35_hf9ab0e9_mkl
  - liblzma=5.8.1=h2466b09_2
  - libpng=1.6.50=h7351971_1
  - libspatialindex=2.0.0=h5a68840_0
  - libsqlite=3.50.4=hf5d6505_0
  - libssh2=1.11.1=h9aa295b_0
  - libtiff=4.7.1=h8f73337_1
  - libwebp-base=1.6.0=h4d5522a_0
  - libwinpthread=12.0.0.r4.gg4f2fc60ca=h57928b3_10
  - libxcb=1.17.0=h0e4246c_0
  - libxml2=2.15.1=h5d26750_0
  - libxml2-16=2.15.1=h692994f_0
  - libzlib=1.3.1=h2466b09_2
  - llvm-openmp=21.1.4=hfa2b4ca_0
  - locket=1.0.0=pyhd8ed1ab_0
  - markupsafe=3.0.3=py312h05f76fc_0
  - matplotlib-base=3.8.4=py312hfee7060_2
  - mkl=2024.2.2=h57928b3_16
  - msgpack-python=1.1.2=py312hf90b1b7_0
  - mumps-seq=5.7.3=hbaa6519_10
  - munkres=1.1.4=pyhd8ed1ab_1
  - numcodecs=0.15.1=py312h72972c8_0
  - numpy=1.26.4=py312h8753938_0
  - openjpeg=2.5.4=h24db6dd_0
  - openssl=3.5.4=h725018a_0
  - packaging=25.0=pyh29332c3_1
  - pandas=2.3.3=py312hc128f0a_1
  - partd=1.4.2=pyhd8ed1ab_0
  - pillow=10.3.0=py312h381445a_1
  - pip=25.2=pyh8b19718_0
  - psutil=7.1.3=py312he5662c2_0
  - pthread-stubs=0.4=h0e40799_1002
  - pycparser=2.22=pyh29332c3_1
  - pydantic=2.12.3=pyh3cfb1c2_0
  - pydantic-core=2.41.4=py312hdabe01f_0
  - pydiso=0.1.2=py312h3fe0e52_1
  - pymatsolver=0.3.1=pyh48887ae_201
  - pyparsing=3.2.5=pyhcf101f3_0
  - pysocks=1.7.1=pyh09c184e_7
  - python=3.12.12=h0159041_1_cpython
  - python-dateutil=2.9.0.post0=pyhe01879c_2
  - python-mumps=0.0.3=py312h8095395_0
  - python-tzdata=2025.2=pyhd8ed1ab_0
  - python_abi=3.12=8_cp312
  - pytz=2025.2=pyhd8ed1ab_0
  - pyyaml=6.0.3=py312h05f76fc_0
  - rtree=1.2.0=py312h50e5f8f_1
  - scikit-learn=1.6.1=py312h816cc57_0
  - scipy=1.14.1=py312h337df96_2
  - setuptools=80.9.0=pyhff2d567_0
  - six=1.17.0=pyhe01879c_1
  - sortedcontainers=2.4.0=pyhd8ed1ab_1
  - tbb=2021.13.0=h18a62a1_3
  - tblib=3.1.0=pyhd8ed1ab_0
  - threadpoolctl=3.6.0=pyhecae5ae_0
  - tk=8.6.13=h2c6b04d_2
  - toolz=1.1.0=pyhd8ed1ab_1
  - tornado=6.5.2=py312he06e257_1
  - tqdm=4.67.1=pyhd8ed1ab_1
  - trimesh=4.1.8=pyhd8ed1ab_0
  - typing-extensions=4.15.0=h396c80c_0
  - typing-inspection=0.4.2=pyhd8ed1ab_0
  - typing_extensions=4.15.0=pyhcf101f3_0
  - tzdata=2025b=h78e105d_0
  - ucrt=10.0.26100.0=h57928b3_0
  - unicodedata2=16.0.0=py312he06e257_1
  - urllib3=2.5.0=pyhd8ed1ab_0
  - vc=14.3=h2b53caa_32
  - vc14_runtime=14.44.35208=h818238b_32
  - vcomp14=14.44.35208=h818238b_32
  - wheel=0.45.1=pyhd8ed1ab_1
  - win_inet_pton=1.1.0=pyh7428d3b_8
  - wrapt=1.17.3=py312he06e257_1
  - xorg-libxau=1.0.12=h0e40799_0
  - xorg-libxdmcp=1.1.5=h0e40799_0
  - xyzservices=2025.10.0=pyhd8ed1ab_0
  - yaml=0.2.5=h6a83c73_3
  - zarr=2.14.2=pyhd8ed1ab_0
  - zict=3.0.0=pyhd8ed1ab_1
  - zipp=3.23.0=pyhd8ed1ab_0
  - zstandard=0.25.0=py312he5662c2_0
  - zstd=1.5.7=hbeecb71_2
  - pip:
    - geoapps-utils == 0.6.0b1 --hash=sha256:51278b061cb1a884c2609381c6189ac19ed84fc42a5bb81dd9a63f911a0f8d65
    - geoh5py == 0.12.0b3 --hash=sha256:59932ee0ba044509c4389b547d50e381f62e32eea8c5e22d69526880a37489b5
    - grid-apps == 0.1.0b1 --hash=sha256:eb3b1d9d60d1e843640ceb4802925cedef405994ef246f962939a5d1c4fd1a7c
    - mira-simpeg == 0.23.0.2b1 --hash=sha256:12b67f436963430261be99e37635264528b911bdbea4c9be16593463e5f6d54e

variables:
  KMP_WARNINGS: 0
