# Generated by conda-lock.
# platform: linux-64
# input_hash: f5d08cd36dd982f813103f85d4546776bc7b520bc940ff44629bab1a19084887

channels:
  - conda-forge
  - nodefaults
dependencies:
  - _libgcc_mutex=0.1=conda_forge
  - _openmp_mutex=4.5=2_kmp_llvm
  - annotated-types=0.7.0=pyhd8ed1ab_1
  - asciitree=0.3.3=py_2
  - bokeh=3.6.3=pyhd8ed1ab_0
  - brotli=1.1.0=hb9d3cd8_2
  - brotli-bin=1.1.0=hb9d3cd8_2
  - brotli-python=1.1.0=py311hfdbb021_2
  - bzip2=1.0.8=h4bc722e_7
  - c-ares=1.34.4=hb9d3cd8_0
  - ca-certificates=2025.1.31=hbcca054_0
  - cached-property=1.5.2=hd8ed1ab_1
  - cached_property=1.5.2=pyha770c72_1
  - certifi=2025.1.31=pyhd8ed1ab_0
  - cffi=1.17.1=py311hf29c0ef_0
  - click=8.1.8=pyh707e725_0
  - cloudpickle=3.1.1=pyhd8ed1ab_0
  - colorama=0.4.6=pyhd8ed1ab_1
  - contourpy=1.3.1=py311hd18a35c_0
  - cycler=0.12.1=pyhd8ed1ab_1
  - cytoolz=1.0.1=py311h9ecbd09_0
  - dask-core=2024.6.2=pyhd8ed1ab_0
  - deprecated=1.2.18=pyhd8ed1ab_0
  - discretize=0.11.2=py311h5b7b71f_1
  - distributed=2024.6.2=pyhd8ed1ab_0
  - empymod=2.2.2=pyhd8ed1ab_0
  - fasteners=0.19=pyhd8ed1ab_1
  - fonttools=4.56.0=py311h2dc5d0c_0
  - freetype=2.12.1=h267a509_2
  - fsspec=2022.11.0=pyhd8ed1ab_0
  - geoana=0.7.2=py311h5b7b71f_0
  - h2=4.2.0=pyhd8ed1ab_0
  - h5py=3.13.0=nompi_py311hb639ac4_100
  - hdf5=1.14.3=nompi_h2d575fe_109
  - hpack=4.1.0=pyhd8ed1ab_0
  - hyperframe=6.1.0=pyhd8ed1ab_0
  - icu=75.1=he02047a_0
  - importlib-metadata=8.6.1=pyha770c72_0
  - importlib_metadata=8.6.1=hd8ed1ab_0
  - jinja2=3.1.6=pyhd8ed1ab_0
  - joblib=1.4.2=pyhd8ed1ab_1
  - keyutils=1.6.1=h166bdaf_0
  - kiwisolver=1.4.7=py311hd18a35c_0
  - krb5=1.21.3=h659f571_0
  - lcms2=2.17=h717163a_0
  - ld_impl_linux-64=2.43=h712a8e2_4
  - lerc=4.0.0=h27087fc_0
  - libaec=1.1.3=h59595ed_0
  - libblas=3.9.0=31_hfdb39a5_mkl
  - libbrotlicommon=1.1.0=hb9d3cd8_2
  - libbrotlidec=1.1.0=hb9d3cd8_2
  - libbrotlienc=1.1.0=hb9d3cd8_2
  - libcblas=3.9.0=31_h372d94f_mkl
  - libcurl=8.12.1=h332b0f4_0
  - libdeflate=1.23=h4ddbbb0_0
  - libdlf=0.3.0=pyhd8ed1ab_1
  - libedit=3.1.20250104=pl5321h7949ede_0
  - libev=4.33=hd590300_2
  - libexpat=2.6.4=h5888daf_0
  - libffi=3.4.6=h2dba641_0
  - libgcc=14.2.0=h767d61c_2
  - libgcc-ng=14.2.0=h69a702a_2
  - libgfortran=14.2.0=h69a702a_2
  - libgfortran5=14.2.0=hf1ad2bd_2
  - libhwloc=2.11.1=default_hecaa2ac_1000
  - libiconv=1.18=h4ce23a2_1
  - libjpeg-turbo=3.0.0=hd590300_1
  - liblapack=3.9.0=31_hc41d3b0_mkl
  - libllvm15=15.0.7=ha7bfdaf_5
  - liblzma=5.6.4=hb9d3cd8_0
  - libnghttp2=1.64.0=h161d5f1_0
  - libnsl=2.0.1=hd590300_0
  - libpng=1.6.47=h943b412_0
  - libscotch=7.0.6=hea33c07_1
  - libsqlite=3.49.1=hee588c1_1
  - libssh2=1.11.1=hf672d98_0
  - libstdcxx=14.2.0=h8f9b012_2
  - libstdcxx-ng=14.2.0=h4852527_2
  - libtiff=4.7.0=hd9ff511_3
  - libuuid=2.38.1=h0b41bf4_0
  - libwebp-base=1.5.0=h851e524_0
  - libxcb=1.17.0=h8a09558_0
  - libxcrypt=4.4.36=hd590300_1
  - libxml2=2.13.6=h8d12d68_0
  - libzlib=1.3.1=hb9d3cd8_2
  - llvm-openmp=19.1.7=h024ca30_0
  - llvmlite=0.44.0=py311h9c9ff8c_0
  - locket=1.0.0=pyhd8ed1ab_0
  - markupsafe=3.0.2=py311h2dc5d0c_1
  - matplotlib-base=3.8.4=py311ha4ca890_2
  - metis=5.1.0=hd0bcaf9_1007
  - mkl=2024.2.2=ha957f24_16
  - msgpack-python=1.1.0=py311hd18a35c_0
  - mumps-include=5.7.3=ha770c72_7
  - mumps-seq=5.7.3=h2064c95_7
  - munkres=1.1.4=pyh9f0ad1d_0
  - ncurses=6.5=h2d0b736_3
  - numba=0.61.0=py311h4e1c48f_1
  - numcodecs=0.15.1=py311h7db5c69_0
  - numpy=1.26.4=py311h64a7726_0
  - openjpeg=2.5.3=h5fbd93e_0
  - openssl=3.4.1=h7b32b05_0
  - packaging=24.2=pyhd8ed1ab_2
  - pandas=2.2.3=py311h7db5c69_1
  - partd=1.4.2=pyhd8ed1ab_0
  - pillow=10.3.0=py311h82a398c_1
  - pip=25.0.1=pyh8b19718_0
  - psutil=7.0.0=py311h9ecbd09_0
  - pthread-stubs=0.4=hb9d3cd8_1002
  - pycparser=2.22=pyh29332c3_1
  - pydantic=2.10.6=pyh3cfb1c2_0
  - pydantic-core=2.27.2=py311h9e33e62_0
  - pydiso=0.1.2=py311h19ea254_0
  - pymatsolver=0.3.1=pyh48887ae_201
  - pyparsing=3.2.1=pyhd8ed1ab_0
  - pysocks=1.7.1=pyha55dd90_7
  - python=3.11.11=h9e4cc4f_2_cpython
  - python-dateutil=2.9.0.post0=pyhff2d567_1
  - python-mumps=0.0.3=py311h4b558b0_0
  - python-tzdata=2023.4=pyhd8ed1ab_0
  - python_abi=3.11=5_cp311
  - pytz=2024.1=pyhd8ed1ab_0
  - pyyaml=6.0.2=py311h2dc5d0c_2
  - readline=8.2=h8c095d6_2
  - scikit-learn=1.4.2=py311he08f58d_1
  - scipy=1.14.1=py311he9a78e4_2
  - setuptools=75.8.2=pyhff2d567_0
  - six=1.17.0=pyhd8ed1ab_0
  - sortedcontainers=2.4.0=pyhd8ed1ab_1
  - tbb=2021.12.0=h84d6215_4
  - tblib=3.0.0=pyhd8ed1ab_1
  - threadpoolctl=3.5.0=pyhc1e730c_0
  - tk=8.6.13=noxft_h4845f30_101
  - toolz=1.0.0=pyhd8ed1ab_1
  - tornado=6.4.2=py311h9ecbd09_0
  - tqdm=4.67.1=pyhd8ed1ab_1
  - typing-extensions=4.12.2=hd8ed1ab_1
  - typing_extensions=4.12.2=pyha770c72_1
  - tzdata=2025a=h78e105d_0
  - unicodedata2=16.0.0=py311h9ecbd09_0
  - urllib3=2.3.0=pyhd8ed1ab_0
  - wheel=0.45.1=pyhd8ed1ab_1
  - wrapt=1.17.2=py311h9ecbd09_0
  - xorg-libxau=1.0.12=hb9d3cd8_0
  - xorg-libxdmcp=1.1.5=hb9d3cd8_0
  - xyzservices=2025.1.0=pyhd8ed1ab_0
  - yaml=0.2.5=h7f98852_2
  - zarr=2.14.2=pyhd8ed1ab_0
  - zict=3.0.0=pyhd8ed1ab_1
  - zipp=3.21.0=pyhd8ed1ab_1
  - zstandard=0.19.0=py311hd4cff14_0
  - zstd=1.5.7=hb8e6e7a_1
  - pip:
      - geoapps-utils @ git+https://github.com/MiraGeoscience/geoapps-utils.git@6ba24321d5311bbaf7ab460261ce6730ed541131
      - geoh5py @ git+https://github.com/MiraGeoscience/geoh5py.git@57e666e69f78e2961fdb54c715bce14b8d25ce4f
      - mira-simpeg @ git+https://github.com/MiraGeoscience/simpeg.git@275985aa18af76d70d55311e45dcfed149e62089
      - octree-creation-app @ git+https://github.com/MiraGeoscience/octree-creation-app.git@680a233e2d3380c084a05a6e3cb51b28e6b450ab
      - param-sweeps @ git+https://github.com/MiraGeoscience/param-sweeps.git@39de1da1495aff6d16641d408317619e23adbdb4

variables:
  KMP_WARNINGS: 0
