# Generated by conda-lock.
# platform: win-64
# input_hash: ba8441ac3c2a520e4b2538f14d8c9a4df2d52babad17e72d191243ae440c9988

channels:
  - conda-forge
dependencies:
  - asciitree=0.3.3=py_2
  - astroid=3.0.2=py310h5588dad_0
  - blis=0.9.0=hcfcfb64_1
  - brotli=1.1.0=hcfcfb64_1
  - brotli-bin=1.1.0=hcfcfb64_1
  - brotli-python=1.1.0=py310h00ffb61_1
  - bzip2=1.0.8=hcfcfb64_5
  - ca-certificates=2023.11.17=h56e8100_0
  - cached-property=1.5.2=hd8ed1ab_1
  - cached_property=1.5.2=pyha770c72_1
  - certifi=2023.11.17=pyhd8ed1ab_0
  - charset-normalizer=3.3.2=pyhd8ed1ab_0
  - click=8.1.7=win_pyh7428d3b_0
  - cloudpickle=3.0.0=pyhd8ed1ab_0
  - colorama=0.4.6=pyhd8ed1ab_0
  - contourpy=1.2.0=py310h232114e_0
  - coverage=7.4.1=py310h8d17308_0
  - cycler=0.12.1=pyhd8ed1ab_0
  - cytoolz=0.12.2=py310h8d17308_1
  - dask-core=2022.10.2=pyhd8ed1ab_0
  - dill=0.3.8=pyhd8ed1ab_0
  - discretize=0.10.0=py310h4856b71_1
  - distributed=2022.10.2=pyhd8ed1ab_0
  - empymod=2.2.2=pyhd8ed1ab_0
  - exceptiongroup=1.2.0=pyhd8ed1ab_2
  - fasteners=0.17.3=pyhd8ed1ab_0
  - fonttools=4.47.2=py310h8d17308_0
  - freetype=2.12.1=hdaf720e_2
  - fsspec=2023.12.2=pyhca7485f_0
  - geoana=0.4.0=py310h232114e_1
  - h5py=3.10.0=nompi_py310hde4a0ea_101
  - hdf5=1.14.3=nompi_h73e8ff5_100
  - idna=3.6=pyhd8ed1ab_0
  - iniconfig=2.0.0=pyhd8ed1ab_0
  - intel-openmp=2024.0.0=h57928b3_49841
  - isort=5.13.2=pyhd8ed1ab_0
  - jinja2=3.1.3=pyhd8ed1ab_0
  - kiwisolver=1.4.5=py310h232114e_1
  - krb5=1.21.2=heb0366b_0
  - lcms2=2.16=h67d730c_0
  - lerc=4.0.0=h63175ca_0
  - libaec=1.1.2=h63175ca_1
  - libblas=3.9.0=21_win64_blis
  - libbrotlicommon=1.1.0=hcfcfb64_1
  - libbrotlidec=1.1.0=hcfcfb64_1
  - libbrotlienc=1.1.0=hcfcfb64_1
  - libcblas=3.9.0=21_win64_blis
  - libcurl=8.5.0=hd5e4a3a_0
  - libdeflate=1.19=hcfcfb64_0
  - libffi=3.4.2=h8ffe710_5
  - libhwloc=2.9.3=default_haede6df_1009
  - libiconv=1.17=hcfcfb64_2
  - libjpeg-turbo=3.0.0=hcfcfb64_1
  - liblapack=3.9.0=5_hd5c7e75_netlib
  - libpng=1.6.42=h19919ed_0
  - libsqlite=3.44.2=hcfcfb64_0
  - libssh2=1.11.0=h7dfc565_0
  - libtiff=4.6.0=h6e2ebb7_2
  - libwebp-base=1.3.2=hcfcfb64_0
  - libxcb=1.15=hcd874cb_0
  - libxml2=2.12.4=hc3477c8_1
  - libzlib=1.2.13=hcfcfb64_5
  - llvmlite=0.41.1=py310hb84602e_0
  - locket=1.0.0=pyhd8ed1ab_0
  - m2w64-gcc-libgfortran=5.3.0=6
  - m2w64-gcc-libs=5.3.0=7
  - m2w64-gcc-libs-core=5.3.0=7
  - m2w64-gmp=6.1.0=2
  - m2w64-libwinpthread-git=5.0.0.4634.697f757=2
  - markupsafe=2.1.4=py310h8d17308_0
  - matplotlib-base=3.8.2=py310hc9baf74_0
  - mccabe=0.7.0=pyhd8ed1ab_0
  - mkl=2022.2.1=h6a75c08_19751
  - msgpack-python=1.0.7=py310h232114e_0
  - msys2-conda-epoch=20160418=1
  - munkres=1.1.4=pyh9f0ad1d_0
  - numba=0.58.1=py310h9ccaf4f_0
  - numcodecs=0.12.1=py310h00ffb61_0
  - numpy=1.23.5=py310h4a8f9c9_0
  - openjpeg=2.5.0=h3d672ee_3
  - openssl=3.2.1=hcfcfb64_0
  - packaging=23.2=pyhd8ed1ab_0
  - partd=1.4.1=pyhd8ed1ab_0
  - pillow=10.2.0=py310h1e6a543_0
  - pip=23.3.2=pyhd8ed1ab_0
  - platformdirs=4.2.0=pyhd8ed1ab_0
  - pluggy=1.4.0=pyhd8ed1ab_0
  - pooch=1.8.0=pyhd8ed1ab_0
  - psutil=5.9.8=py310h8d17308_0
  - pthread-stubs=0.4=hcd874cb_1001
  - pthreads-win32=2.9.1=hfa6e2cd_3
  - pydiso=0.0.3=py310h847dae0_4
  - pygments=2.17.2=pyhd8ed1ab_0
  - pylint=3.0.3=pyhd8ed1ab_0
  - pymatsolver=0.2.0=py310h5588dad_2
  - pyparsing=3.1.1=pyhd8ed1ab_0
  - pysocks=1.7.1=pyh0701188_6
  - pytest=8.0.0=pyhd8ed1ab_0
  - pytest-cov=4.1.0=pyhd8ed1ab_0
  - python=3.10.13=h4de0772_1_cpython
  - python-dateutil=2.8.2=pyhd8ed1ab_0
  - python_abi=3.10=4_cp310
  - pyyaml=6.0.1=py310h8d17308_1
  - requests=2.31.0=pyhd8ed1ab_0
  - scipy=1.10.1=py310h578b7cb_3
  - setuptools=69.0.3=pyhd8ed1ab_0
  - six=1.16.0=pyh6c4a22f_0
  - sortedcontainers=2.4.0=pyhd8ed1ab_0
  - tbb=2021.11.0=h91493d7_1
  - tblib=3.0.0=pyhd8ed1ab_0
  - tk=8.6.13=h5226925_1
  - toml=0.10.2=pyhd8ed1ab_0
  - tomli=2.0.1=pyhd8ed1ab_0
  - tomlkit=0.12.3=pyha770c72_0
  - toolz=0.12.1=pyhd8ed1ab_0
  - tornado=6.1=py310he2412df_3
  - tqdm=4.66.1=pyhd8ed1ab_0
  - typing-extensions=4.9.0=hd8ed1ab_0
  - typing_extensions=4.9.0=pyha770c72_0
  - tzdata=2023d=h0c530f3_0
  - ucrt=10.0.22621.0=h57928b3_0
  - unicodedata2=15.1.0=py310h8d17308_0
  - urllib3=2.2.0=pyhd8ed1ab_0
  - utm=0.7.0=pyhd8ed1ab_0
  - vc=14.3=hcf57466_18
  - vc14_runtime=14.38.33130=h82b7239_18
  - vs2015_runtime=14.38.33130=hcb4865c_18
  - wheel=0.42.0=pyhd8ed1ab_0
  - win_inet_pton=1.1.0=pyhd8ed1ab_6
  - xorg-libxau=1.0.11=hcd874cb_0
  - xorg-libxdmcp=1.1.3=hcd874cb_0
  - xz=5.2.6=h8d14728_0
  - yaml=0.2.5=h8ffe710_2
  - zarr=2.14.2=pyhd8ed1ab_0
  - zict=3.0.0=pyhd8ed1ab_0
  - zstd=1.5.5=h12be248_0
  - pip:
      - annotated-types === 0.6.0 --hash=sha256:0641064de18ba7a25dee8f96403ebc39113d0cb953a01429249d5c7564666a43
      - geoapps-utils === 0.3.0a1 --hash=sha256:91e4746d916dad8439c97a5f7a32236216f3037e7690f3095318f7d12b70f762
      - geoh5py === 0.9.0a1 --hash=sha256:ddf340cc1b966ee8ac4f0bf6e0206e56e2de77f9cdbae20d07ce93fd4793bfa5
      - joblib === 1.3.2 --hash=sha256:ef4331c65f239985f3f2220ecc87db222f08fd22097a3dd5698f693875f8cbb9
      - mira-simpeg === 0.19.0.dev6 --hash=sha256:7720abe7cc2dddedcc9bee847de1cf8e0d88419ce07495892bea170a443ad0f7
      - octree-creation-app === 0.1.0a2 --hash=sha256:2d05aa7436833888cb1d68fda95eab89858ddb74987a7f350163a346d1ebebcf
      - pandas === 2.2.0 --hash=sha256:5a946f210383c7e6d16312d30b238fd508d80d927014f3b33fb5b15c2f895430
      - param-sweeps === 0.1.7a1 --hash=sha256:2a82acf94d50507f9a2922ff96b90e22326d9e0deb632a03fc4ae7008defca05
      - properties === 0.6.1 --hash=sha256:b119ce4c53f4717fa29371c1bb929f422dda7ed90a4559b3583ea77389177263
      - pydantic === 2.5.3 --hash=sha256:d0caf5954bee831b6bfe7e338c32b9e30c85dfe080c843680783ac2b631673b4
      - pydantic-core === 2.14.6 --hash=sha256:36fa402dcdc8ea7f1b0ddcf0df4254cc6b2e08f8cd80e7010d4c4ae6e86b2a87
      - pytz === 2023.4 --hash=sha256:f90ef520d95e7c46951105338d918664ebfd6f1d995bd7d153127ce90efafa6a
      - scikit-learn === 1.4.0 --hash=sha256:11b3b140f70fbc9f6a08884631ae8dd60a4bb2d7d6d1de92738ea42b740d8992
      - simpeg-archive === 0.11.0.dev6 --hash=sha256:ddb2487b640846a6859afb6f9f33ec5a04e4e0d5572c690d4c1a88579a47adcb
      - threadpoolctl === 3.2.0 --hash=sha256:2b7818516e423bdaebb97c723f86a7c6b0a83d3f3b0970328d66f4d9104dc032
      - tzdata === 2023.4 --hash=sha256:aa3ace4329eeacda5b7beb7ea08ece826c28d761cda36e747cfbf97996d39bf3
      - vectormath === 0.2.2 --hash=sha256:f9f9209d350ec89dc11e2548e0e6397c1b9489c8468eb50ce33788ee4322a7b8

variables:
  KMP_WARNINGS: 0
