# Generated by conda-lock.
# platform: linux-64
# input_hash: 2dc72f961903692f4191a74c5475586d5fd27ff3751f9d36df198fad89be580c

channels:
  - conda-forge
  - nodefaults
dependencies:
  - _openmp_mutex=4.5=5_kmp_llvm
  - annotated-types=0.7.0=pyhd8ed1ab_1
  - asciitree=0.3.3=py_2
  - bokeh=3.6.3=pyhd8ed1ab_0
  - brotli=1.2.0=h41a2e66_0
  - brotli-bin=1.2.0=hf2c8021_0
  - brotli-python=1.2.0=py312h67db365_0
  - bzip2=1.0.8=hda65f42_8
  - c-ares=1.34.5=hb9d3cd8_0
  - ca-certificates=2025.10.5=hbd8a1cb_0
  - cached-property=1.5.2=hd8ed1ab_1
  - cached_property=1.5.2=pyha770c72_1
  - certifi=2025.10.5=pyhd8ed1ab_0
  - cffi=2.0.0=py312h460c074_1
  - click=8.3.0=pyh707e725_0
  - cloudpickle=3.1.2=pyhd8ed1ab_0
  - colorama=0.4.6=pyhd8ed1ab_1
  - contourpy=1.3.3=py312hd9148b4_2
  - cycler=0.12.1=pyhd8ed1ab_1
  - cytoolz=1.1.0=py312h4c3975b_1
  - dask-core=2025.3.0=pyhd8ed1ab_0
  - deprecated=1.3.1=pyhd8ed1ab_0
  - discretize=0.11.3=py312hf890105_1
  - distributed=2025.3.0=pyhd8ed1ab_0
  - fasteners=0.19=pyhd8ed1ab_1
  - fonttools=4.60.1=py312h8a5da7c_0
  - freetype=2.14.1=ha770c72_0
  - fsspec=2025.10.0=pyhd8ed1ab_0
  - geoana=0.7.2=py312hf890105_1
  - h2=4.3.0=pyhcf101f3_0
  - h5py=3.15.1=nompi_py312ha4f8f14_100
  - hdf5=1.14.6=nompi_h6e4c0c1_103
  - hpack=4.1.0=pyhd8ed1ab_0
  - hyperframe=6.1.0=pyhd8ed1ab_0
  - icu=75.1=he02047a_0
  - importlib-metadata=8.7.0=pyhe01879c_1
  - jinja2=3.1.6=pyhd8ed1ab_0
  - joblib=1.5.2=pyhd8ed1ab_0
  - keyutils=1.6.3=hb9d3cd8_0
  - kiwisolver=1.4.9=py312h0a2e395_1
  - krb5=1.21.3=h659f571_0
  - lcms2=2.17=h717163a_0
  - ld_impl_linux-64=2.44=h1aa0949_4
  - lerc=4.0.0=h0aef613_1
  - libaec=1.1.4=h3f801dc_0
  - libblas=3.9.0=37_h5875eb1_mkl
  - libbrotlicommon=1.2.0=h09219d5_0
  - libbrotlidec=1.2.0=hd53d788_0
  - libbrotlienc=1.2.0=h02bd7ab_0
  - libcblas=3.9.0=37_hfef963f_mkl
  - libcurl=8.16.0=h4e3cde8_0
  - libdeflate=1.25=h17f619e_0
  - libdlf=0.3.0=pyhd8ed1ab_1
  - libedit=3.1.20250104=pl5321h7949ede_0
  - libev=4.33=hd590300_2
  - libexpat=2.7.1=hecca717_0
  - libffi=3.5.2=h9ec8514_0
  - libfreetype=2.14.1=ha770c72_0
  - libfreetype6=2.14.1=h73754d4_0
  - libgcc=15.2.0=h767d61c_7
  - libgcc-ng=15.2.0=h69a702a_7
  - libgfortran=15.2.0=h69a702a_7
  - libgfortran5=15.2.0=hcd61629_7
  - libhwloc=2.12.1=default_h7f8ec31_1002
  - libiconv=1.18=h3b78370_2
  - libjpeg-turbo=3.1.2=hb03c661_0
  - liblapack=3.9.0=37_h5e43f62_mkl
  - liblzma=5.8.1=hb9d3cd8_2
  - libnghttp2=1.67.0=had1ee68_0
  - libnsl=2.0.1=hb9d3cd8_1
  - libpng=1.6.50=h421ea60_1
  - libscotch=7.0.6=hea33c07_1
  - libspatialindex=2.0.0=he02047a_0
  - libsqlite=3.50.4=h0c1763c_0
  - libssh2=1.11.1=hcf80075_0
  - libstdcxx=15.2.0=h8f9b012_7
  - libstdcxx-ng=15.2.0=h4852527_7
  - libtiff=4.7.1=h9d88235_1
  - libuuid=2.41.2=he9a06e4_0
  - libwebp-base=1.6.0=hd42ef1d_0
  - libxcb=1.17.0=h8a09558_0
  - libxcrypt=4.4.36=hd590300_1
  - libxml2=2.15.1=h26afc86_0
  - libxml2-16=2.15.1=ha9997c6_0
  - libzlib=1.3.1=hb9d3cd8_2
  - llvm-openmp=21.1.4=h4922eb0_0
  - locket=1.0.0=pyhd8ed1ab_0
  - markupsafe=3.0.3=py312h8a5da7c_0
  - matplotlib-base=3.8.4=py312h20ab3a6_2
  - metis=5.1.0=hd0bcaf9_1007
  - mkl=2024.2.2=ha770c72_17
  - msgpack-python=1.1.2=py312hd9148b4_0
  - mumps-include=5.7.3=h82cca05_10
  - mumps-seq=5.7.3=h06cbf8f_10
  - munkres=1.1.4=pyhd8ed1ab_1
  - ncurses=6.5=h2d0b736_3
  - numcodecs=0.15.1=py312hf9745cd_0
  - numpy=1.26.4=py312heda63a1_0
  - openjpeg=2.5.4=h55fea9a_0
  - openssl=3.5.4=h26f9b46_0
  - packaging=25.0=pyh29332c3_1
  - pandas=2.3.3=py312hf79963d_1
  - partd=1.4.2=pyhd8ed1ab_0
  - pillow=10.3.0=py312h287a98d_1
  - pip=25.2=pyh8b19718_0
  - psutil=7.1.3=py312h5253ce2_0
  - pthread-stubs=0.4=hb9d3cd8_1002
  - pycparser=2.22=pyh29332c3_1
  - pydantic=2.12.3=pyh3cfb1c2_0
  - pydantic-core=2.41.4=py312h868fb18_0
  - pydiso=0.1.2=py312h686354e_1
  - pymatsolver=0.3.1=pyh48887ae_201
  - pyparsing=3.2.5=pyhcf101f3_0
  - pysocks=1.7.1=pyha55dd90_7
  - python=3.12.12=hd63d673_1_cpython
  - python-dateutil=2.9.0.post0=pyhe01879c_2
  - python-mumps=0.0.3=py312h6ad3ee3_0
  - python-tzdata=2025.2=pyhd8ed1ab_0
  - python_abi=3.12=8_cp312
  - pytz=2025.2=pyhd8ed1ab_0
  - pyyaml=6.0.3=py312h8a5da7c_0
  - readline=8.2=h8c095d6_2
  - rtree=1.2.0=py312h3ed4c40_1
  - scikit-learn=1.6.1=py312h7a48858_0
  - scipy=1.14.1=py312h62794b6_2
  - setuptools=80.9.0=pyhff2d567_0
  - six=1.17.0=pyhe01879c_1
  - sortedcontainers=2.4.0=pyhd8ed1ab_1
  - tbb=2021.13.0=hb60516a_3
  - tblib=3.1.0=pyhd8ed1ab_0
  - threadpoolctl=3.6.0=pyhecae5ae_0
  - tk=8.6.13=noxft_hd72426e_102
  - toolz=1.1.0=pyhd8ed1ab_1
  - tornado=6.5.2=py312h4c3975b_1
  - tqdm=4.67.1=pyhd8ed1ab_1
  - trimesh=4.1.8=pyhd8ed1ab_0
  - typing-extensions=4.15.0=h396c80c_0
  - typing-inspection=0.4.2=pyhd8ed1ab_0
  - typing_extensions=4.15.0=pyhcf101f3_0
  - tzdata=2025b=h78e105d_0
  - unicodedata2=16.0.0=py312h4c3975b_1
  - urllib3=2.5.0=pyhd8ed1ab_0
  - wheel=0.45.1=pyhd8ed1ab_1
  - wrapt=1.17.3=py312h4c3975b_1
  - xorg-libxau=1.0.12=hb9d3cd8_0
  - xorg-libxdmcp=1.1.5=hb9d3cd8_0
  - xyzservices=2025.10.0=pyhd8ed1ab_0
  - yaml=0.2.5=h280c20c_3
  - zarr=2.14.2=pyhd8ed1ab_0
  - zict=3.0.0=pyhd8ed1ab_1
  - zipp=3.23.0=pyhd8ed1ab_0
  - zstandard=0.25.0=py312h5253ce2_0
  - zstd=1.5.7=hb8e6e7a_2
  - pip:
    - geoapps-utils @ git+https://github.com/MiraGeoscience/geoapps-utils.git@b0b61f355dd536bbb3a77b0b4c2853e169c1e8c3
    - geoh5py @ git+https://github.com/MiraGeoscience/geoh5py.git@a9f5721079c097b1fa484ff8424146c6cd1a8c0c
    - grid-apps @ git+https://github.com/MiraGeoscience/grid-apps.git@d6a42611003c184354e1367de41a88783b928166
    - mira-simpeg @ git+https://github.com/MiraGeoscience/simpeg.git@489775b595d5abce81d49b52bfefcecc3181c5c5

variables:
  KMP_WARNINGS: 0
