# Generated by conda-lock.
# platform: win-64
# input_hash: 0e4eae48731ca9e26a194a0b731d4cbb5666ce7bac7a5003b542681283abdc39

channels:
  - conda-forge
  - nodefaults
dependencies:
  - _openmp_mutex=4.5=2_gnu
  - annotated-types=0.7.0=pyhd8ed1ab_1
  - asciitree=0.3.3=py_2
  - astroid=3.3.11=py310h5588dad_1
  - bokeh=3.6.3=pyhd8ed1ab_0
  - brotli=1.1.0=hfd05255_4
  - brotli-bin=1.1.0=hfd05255_4
  - brotli-python=1.1.0=py310h73ae2b4_4
  - bzip2=1.0.8=h0ad9c76_8
  - ca-certificates=2025.8.3=h4c7d964_0
  - cached-property=1.5.2=hd8ed1ab_1
  - cached_property=1.5.2=pyha770c72_1
  - certifi=2025.8.3=pyhd8ed1ab_0
  - cffi=1.17.1=py310h29418f3_1
  - click=8.2.1=pyh7428d3b_0
  - cloudpickle=3.1.1=pyhd8ed1ab_0
  - colorama=0.4.6=pyhd8ed1ab_1
  - contourpy=1.3.2=py310hc19bc0b_0
  - cycler=0.12.1=pyhd8ed1ab_1
  - cytoolz=1.0.1=py310ha8f682b_0
  - dask-core=2025.3.0=pyhd8ed1ab_0
  - dill=0.4.0=pyhd8ed1ab_0
  - discretize=0.11.3=py310h3e8ed56_0
  - distributed=2025.3.0=pyhd8ed1ab_0
  - fasteners=0.19=pyhd8ed1ab_1
  - fonttools=4.59.2=py310hdb0e946_0
  - freetype=2.14.0=h57928b3_1
  - fsspec=2025.9.0=pyhd8ed1ab_0
  - geoana=0.7.2=py310h3e8ed56_0
  - h2=4.3.0=pyhcf101f3_0
  - h5py=3.14.0=nompi_py310hb7e4da9_101
  - hdf5=1.14.6=nompi_he30205f_103
  - hpack=4.1.0=pyhd8ed1ab_0
  - hyperframe=6.1.0=pyhd8ed1ab_0
  - importlib-metadata=8.7.0=pyhe01879c_1
  - isort=6.0.1=pyhd8ed1ab_1
  - jinja2=3.1.6=pyhd8ed1ab_0
  - joblib=1.5.2=pyhd8ed1ab_0
  - kiwisolver=1.4.9=py310h1e1005b_1
  - krb5=1.21.3=hdf4eb48_0
  - lcms2=2.17=hbcf6048_0
  - lerc=4.0.0=h6470a55_1
  - libaec=1.1.4=h20038f6_0
  - libblas=3.9.0=35_h5709861_mkl
  - libbrotlicommon=1.1.0=hfd05255_4
  - libbrotlidec=1.1.0=hfd05255_4
  - libbrotlienc=1.1.0=hfd05255_4
  - libcblas=3.9.0=35_h2a3cdd5_mkl
  - libcurl=8.14.1=h88aaa65_0
  - libdeflate=1.24=h76ddb4d_0
  - libdlf=0.3.0=pyhd8ed1ab_1
  - libexpat=2.7.1=hac47afa_0
  - libffi=3.4.6=h537db12_1
  - libfreetype=2.14.0=h57928b3_1
  - libfreetype6=2.14.0=hdbac1cb_1
  - libgcc=15.1.0=h1383e82_5
  - libgomp=15.1.0=h1383e82_5
  - libhwloc=2.12.1=default_h64bd3f2_1002
  - libiconv=1.18=hc1393d2_2
  - libjpeg-turbo=3.1.0=h2466b09_0
  - liblapack=3.9.0=35_hf9ab0e9_mkl
  - liblzma=5.8.1=h2466b09_2
  - libpng=1.6.50=h7351971_1
  - libspatialindex=2.0.0=h5a68840_0
  - libsqlite=3.50.4=hf5d6505_0
  - libssh2=1.11.1=h9aa295b_0
  - libtiff=4.7.0=h550210a_6
  - libwebp-base=1.6.0=h4d5522a_0
  - libwinpthread=12.0.0.r4.gg4f2fc60ca=h57928b3_9
  - libxcb=1.17.0=h0e4246c_0
  - libxml2=2.14.6=h5d26750_1
  - libxml2-16=2.14.6=h692994f_1
  - libzlib=1.3.1=h2466b09_2
  - llvm-openmp=20.1.8=hfa2b4ca_2
  - locket=1.0.0=pyhd8ed1ab_0
  - markupsafe=3.0.2=py310h38315fa_1
  - matplotlib-base=3.8.4=py310hadb10a8_2
  - mccabe=0.7.0=pyhd8ed1ab_1
  - mkl=2024.2.2=h57928b3_16
  - msgpack-python=1.1.1=py310he9f1925_1
  - mumps-seq=5.7.3=hbaa6519_10
  - munkres=1.1.4=pyhd8ed1ab_1
  - numcodecs=0.13.1=py310hb4db72f_0
  - numpy=1.26.4=py310hf667824_0
  - openjpeg=2.5.3=h24db6dd_1
  - openssl=3.5.2=h725018a_0
  - packaging=25.0=pyh29332c3_1
  - pandas=2.3.2=py310hed136d8_0
  - partd=1.4.2=pyhd8ed1ab_0
  - pillow=10.3.0=py310h3e38d90_1
  - pip=25.2=pyh8b19718_0
  - platformdirs=4.4.0=pyhcf101f3_0
  - psutil=7.0.0=py310h29418f3_1
  - pthread-stubs=0.4=h0e40799_1002
  - pycparser=2.22=pyh29332c3_1
  - pydantic=2.11.7=pyh3cfb1c2_0
  - pydantic-core=2.33.2=py310hed05c55_0
  - pydiso=0.1.2=py310h8f92c26_0
  - pylint=3.3.8=pyhe01879c_0
  - pymatsolver=0.3.1=pyh48887ae_201
  - pyparsing=3.2.3=pyhe01879c_2
  - pysocks=1.7.1=pyh09c184e_7
  - python=3.10.18=h8c5b53a_0_cpython
  - python-dateutil=2.9.0.post0=pyhe01879c_2
  - python-mumps=0.0.3=py310hb64895d_0
  - python-tzdata=2025.2=pyhd8ed1ab_0
  - python_abi=3.10=8_cp310
  - pytz=2025.2=pyhd8ed1ab_0
  - pyyaml=6.0.2=py310h38315fa_2
  - rtree=1.2.0=py310h08d5ad2_1
  - scikit-learn=1.6.1=py310hf2a6c47_0
  - scipy=1.14.1=py310hbd0dde3_2
  - setuptools=80.9.0=pyhff2d567_0
  - six=1.17.0=pyhe01879c_1
  - sortedcontainers=2.4.0=pyhd8ed1ab_1
  - tbb=2021.13.0=h18a62a1_3
  - tblib=3.1.0=pyhd8ed1ab_0
  - threadpoolctl=3.6.0=pyhecae5ae_0
  - tk=8.6.13=h2c6b04d_2
  - tomli=2.2.1=pyhe01879c_2
  - tomlkit=0.13.3=pyha770c72_0
  - toolz=1.0.0=pyhd8ed1ab_1
  - tornado=6.5.2=py310h29418f3_1
  - tqdm=4.67.1=pyhd8ed1ab_1
  - trimesh=4.1.8=pyhd8ed1ab_0
  - typing-extensions=4.15.0=h396c80c_0
  - typing-inspection=0.4.1=pyhd8ed1ab_0
  - typing_extensions=4.15.0=pyhcf101f3_0
  - tzdata=2025b=h78e105d_0
  - ucrt=10.0.26100.0=h57928b3_0
  - unicodedata2=16.0.0=py310h29418f3_1
  - urllib3=2.5.0=pyhd8ed1ab_0
  - vc=14.3=h41ae7f8_31
  - vc14_runtime=14.44.35208=h818238b_31
  - vcomp14=14.44.35208=h818238b_31
  - wheel=0.45.1=pyhd8ed1ab_1
  - win_inet_pton=1.1.0=pyh7428d3b_8
  - xorg-libxau=1.0.12=h0e40799_0
  - xorg-libxdmcp=1.1.5=h0e40799_0
  - xyzservices=2025.4.0=pyhd8ed1ab_0
  - yaml=0.2.5=h6a83c73_3
  - zarr=2.14.2=pyhd8ed1ab_0
  - zict=3.0.0=pyhd8ed1ab_1
  - zipp=3.23.0=pyhd8ed1ab_0
  - zstandard=0.24.0=py310he058f06_1
  - zstd=1.5.7=hbeecb71_2
  - pip:
    - geoapps-utils @ git+https://github.com/MiraGeoscience/geoapps-utils.git@a6627f0a6e663e9c3f0e9874f401a34ab8990488
    - geoh5py @ git+https://github.com/MiraGeoscience/geoh5py.git@a05ed0984fc78d2b324c730ccd4294c0fde0f901
    - grid-apps @ git+https://github.com/MiraGeoscience/grid-apps.git@416815352706add295a9d2b90814d2291068a85e
    - mira-simpeg @ git+https://github.com/MiraGeoscience/simpeg.git@7da0cb45b4ff1213d1cca120773971aa8468a5c1

variables:
  KMP_WARNINGS: 0
