# Generated by conda-lock.
# platform: linux-64
# input_hash: c9dba1cefe5fafa1d6916df23312dff6e683994e65910cb3e402d7568b87973d

channels:
  - conda-forge
  - nodefaults
dependencies:
  - _openmp_mutex=4.5=3_kmp_llvm
  - annotated-types=0.7.0=pyhd8ed1ab_1
  - asciitree=0.3.3=py_2
  - bokeh=3.6.3=pyhd8ed1ab_0
  - brotli=1.1.0=hb9d3cd8_3
  - brotli-bin=1.1.0=hb9d3cd8_3
  - brotli-python=1.1.0=py311hfdbb021_3
  - bzip2=1.0.8=h4bc722e_7
  - c-ares=1.34.5=hb9d3cd8_0
  - ca-certificates=2025.7.9=hbd8a1cb_0
  - cached-property=1.5.2=hd8ed1ab_1
  - cached_property=1.5.2=pyha770c72_1
  - certifi=2025.7.9=pyhd8ed1ab_0
  - cffi=1.17.1=py311hf29c0ef_0
  - click=8.2.1=pyh707e725_0
  - cloudpickle=3.1.1=pyhd8ed1ab_0
  - colorama=0.4.6=pyhd8ed1ab_1
  - contourpy=1.3.2=py311hd18a35c_0
  - cycler=0.12.1=pyhd8ed1ab_1
  - cytoolz=1.0.1=py311h9ecbd09_0
  - dask-core=2025.3.0=pyhd8ed1ab_0
  - deprecated=1.2.18=pyhd8ed1ab_0
  - discretize=0.11.3=py311h5b7b71f_0
  - distributed=2025.3.0=pyhd8ed1ab_0
  - fasteners=0.19=pyhd8ed1ab_1
  - fonttools=4.58.5=py311h2dc5d0c_0
  - freetype=2.13.3=ha770c72_1
  - fsspec=2025.5.1=pyhd8ed1ab_0
  - geoana=0.7.2=py311h5b7b71f_0
  - h2=4.2.0=pyhd8ed1ab_0
  - h5py=3.14.0=nompi_py311h7f87ba5_100
  - hdf5=1.14.6=nompi_h6e4c0c1_102
  - hpack=4.1.0=pyhd8ed1ab_0
  - hyperframe=6.1.0=pyhd8ed1ab_0
  - icu=75.1=he02047a_0
  - importlib-metadata=8.7.0=pyhe01879c_1
  - jinja2=3.1.6=pyhd8ed1ab_0
  - joblib=1.5.1=pyhd8ed1ab_0
  - keyutils=1.6.1=h166bdaf_0
  - kiwisolver=1.4.8=py311hd18a35c_1
  - krb5=1.21.3=h659f571_0
  - lcms2=2.17=h717163a_0
  - ld_impl_linux-64=2.44=h1423503_1
  - lerc=4.0.0=h0aef613_1
  - libaec=1.1.4=h3f801dc_0
  - libblas=3.9.0=32_hfdb39a5_mkl
  - libbrotlicommon=1.1.0=hb9d3cd8_3
  - libbrotlidec=1.1.0=hb9d3cd8_3
  - libbrotlienc=1.1.0=hb9d3cd8_3
  - libcblas=3.9.0=32_h372d94f_mkl
  - libcurl=8.14.1=h332b0f4_0
  - libdeflate=1.24=h86f0d12_0
  - libdlf=0.3.0=pyhd8ed1ab_1
  - libedit=3.1.20250104=pl5321h7949ede_0
  - libev=4.33=hd590300_2
  - libexpat=2.7.0=h5888daf_0
  - libffi=3.4.6=h2dba641_1
  - libfreetype=2.13.3=ha770c72_1
  - libfreetype6=2.13.3=h48d6fc4_1
  - libgcc=15.1.0=h767d61c_3
  - libgcc-ng=15.1.0=h69a702a_3
  - libgfortran=15.1.0=h69a702a_3
  - libgfortran5=15.1.0=hcea5267_3
  - libhwloc=2.11.2=default_h0d58e46_1001
  - libiconv=1.18=h4ce23a2_1
  - libjpeg-turbo=3.1.0=hb9d3cd8_0
  - liblapack=3.9.0=32_hc41d3b0_mkl
  - liblzma=5.8.1=hb9d3cd8_2
  - libnghttp2=1.64.0=h161d5f1_0
  - libnsl=2.0.1=hb9d3cd8_1
  - libpng=1.6.50=h943b412_0
  - libscotch=7.0.6=hea33c07_1
  - libspatialindex=2.0.0=he02047a_0
  - libsqlite=3.50.2=hee844dc_2
  - libssh2=1.11.1=hcf80075_0
  - libstdcxx=15.1.0=h8f9b012_3
  - libstdcxx-ng=15.1.0=h4852527_3
  - libtiff=4.7.0=hf01ce69_5
  - libuuid=2.38.1=h0b41bf4_0
  - libwebp-base=1.6.0=hd42ef1d_0
  - libxcb=1.17.0=h8a09558_0
  - libxcrypt=4.4.36=hd590300_1
  - libxml2=2.13.8=h4bc477f_0
  - libzlib=1.3.1=hb9d3cd8_2
  - llvm-openmp=20.1.7=h024ca30_0
  - locket=1.0.0=pyhd8ed1ab_0
  - markupsafe=3.0.2=py311h2dc5d0c_1
  - matplotlib-base=3.8.4=py311ha4ca890_2
  - metis=5.1.0=hd0bcaf9_1007
  - mkl=2024.2.2=ha957f24_16
  - msgpack-python=1.1.1=py311hd18a35c_0
  - mumps-include=5.7.3=h82cca05_10
  - mumps-seq=5.7.3=h06cbf8f_10
  - munkres=1.1.4=pyhd8ed1ab_1
  - ncurses=6.5=h2d0b736_3
  - numcodecs=0.15.1=py311h7db5c69_0
  - numpy=1.26.4=py311h64a7726_0
  - openjpeg=2.5.3=h5fbd93e_0
  - openssl=3.5.1=h7b32b05_0
  - packaging=25.0=pyh29332c3_1
  - pandas=2.3.1=py311hed34c8f_0
  - partd=1.4.2=pyhd8ed1ab_0
  - pillow=10.3.0=py311h82a398c_1
  - pip=25.1.1=pyh8b19718_0
  - psutil=7.0.0=py311h9ecbd09_0
  - pthread-stubs=0.4=hb9d3cd8_1002
  - pycparser=2.22=pyh29332c3_1
  - pydantic=2.11.7=pyh3cfb1c2_0
  - pydantic-core=2.33.2=py311hdae7d1d_0
  - pydiso=0.1.2=py311h19ea254_0
  - pymatsolver=0.3.1=pyh48887ae_201
  - pyparsing=3.2.3=pyhd8ed1ab_1
  - pysocks=1.7.1=pyha55dd90_7
  - python=3.11.13=h9e4cc4f_0_cpython
  - python-dateutil=2.9.0.post0=pyhe01879c_2
  - python-mumps=0.0.3=py311h4b558b0_0
  - python-tzdata=2025.2=pyhd8ed1ab_0
  - python_abi=3.11=7_cp311
  - pytz=2025.2=pyhd8ed1ab_0
  - pyyaml=6.0.2=py311h2dc5d0c_2
  - readline=8.2=h8c095d6_2
  - rtree=1.2.0=py311ha1603b9_1
  - scikit-learn=1.4.2=py311he08f58d_1
  - scipy=1.14.1=py311he9a78e4_2
  - setuptools=80.9.0=pyhff2d567_0
  - six=1.17.0=pyhd8ed1ab_0
  - sortedcontainers=2.4.0=pyhd8ed1ab_1
  - tbb=2021.13.0=hceb3a55_1
  - tblib=3.1.0=pyhd8ed1ab_0
  - threadpoolctl=3.6.0=pyhecae5ae_0
  - tk=8.6.13=noxft_hd72426e_102
  - toolz=1.0.0=pyhd8ed1ab_1
  - tornado=6.5.1=py311h9ecbd09_0
  - tqdm=4.67.1=pyhd8ed1ab_1
  - trimesh=4.1.8=pyhd8ed1ab_0
  - typing-extensions=4.14.1=h4440ef1_0
  - typing-inspection=0.4.1=pyhd8ed1ab_0
  - typing_extensions=4.14.1=pyhe01879c_0
  - tzdata=2025b=h78e105d_0
  - unicodedata2=16.0.0=py311h9ecbd09_0
  - urllib3=2.5.0=pyhd8ed1ab_0
  - wheel=0.45.1=pyhd8ed1ab_1
  - wrapt=1.17.2=py311h9ecbd09_0
  - xorg-libxau=1.0.12=hb9d3cd8_0
  - xorg-libxdmcp=1.1.5=hb9d3cd8_0
  - xyzservices=2025.4.0=pyhd8ed1ab_0
  - yaml=0.2.5=h7f98852_2
  - zarr=2.14.2=pyhd8ed1ab_0
  - zict=3.0.0=pyhd8ed1ab_1
  - zipp=3.23.0=pyhd8ed1ab_0
  - zstandard=0.23.0=py311h9ecbd09_2
  - zstd=1.5.7=hb8e6e7a_2
  - pip:
      - geoapps-utils @ git+https://github.com/MiraGeoscience/geoapps-utils.git@c64e2db54bfdacc19ef675a7d54288aaad8b78a8
      - geoh5py @ git+https://github.com/MiraGeoscience/geoh5py.git@87f68c3a25cb3fac2a4c9de8c0d74ec4e58d0963
      - mira-simpeg @ git+https://github.com/MiraGeoscience/simpeg.git@86e22e6fa457859d494d94552e6431728e513d7a
      - octree-creation-app @ git+https://github.com/MiraGeoscience/octree-creation-app.git@02fbd85bf7d54b8f4336f1f0094c1c3e27714e81
      - param-sweeps @ git+https://github.com/MiraGeoscience/param-sweeps.git@9ed6091534d638171957a17324e1a1e8f067b434

variables:
  KMP_WARNINGS: 0
