# Generated by conda-lock.
# platform: win-64
# input_hash: 3e7450348d63b2d6c57a21e3540172e19ac63c4e2f5d09e7529e0de9cbbf6fb3

channels:
  - conda-forge
  - nodefaults
dependencies:
  - annotated-types=0.7.0=pyhd8ed1ab_1
  - asciitree=0.3.3=py_2
  - bokeh=3.6.3=pyhd8ed1ab_0
  - brotli=1.1.0=h2466b09_2
  - brotli-bin=1.1.0=h2466b09_2
  - brotli-python=1.1.0=py311hda3d55a_2
  - bzip2=1.0.8=h2466b09_7
  - ca-certificates=2025.1.31=h56e8100_0
  - cached-property=1.5.2=hd8ed1ab_1
  - cached_property=1.5.2=pyha770c72_1
  - certifi=2025.1.31=pyhd8ed1ab_0
  - cffi=1.17.1=py311he736701_0
  - click=8.1.8=pyh7428d3b_0
  - cloudpickle=3.1.1=pyhd8ed1ab_0
  - colorama=0.4.6=pyhd8ed1ab_1
  - contourpy=1.3.1=py311h3257749_0
  - cycler=0.12.1=pyhd8ed1ab_1
  - cytoolz=1.0.1=py311he736701_0
  - dask-core=2024.6.2=pyhd8ed1ab_0
  - deprecated=1.2.18=pyhd8ed1ab_0
  - discretize=0.11.2=py311h9b10771_0
  - distributed=2024.6.2=pyhd8ed1ab_0
  - empymod=2.2.2=pyhd8ed1ab_0
  - fasteners=0.19=pyhd8ed1ab_1
  - fonttools=4.56.0=py311h5082efb_0
  - freetype=2.12.1=hdaf720e_2
  - fsspec=2022.11.0=pyhd8ed1ab_0
  - geoana=0.7.2=py311h9b10771_0
  - h2=4.2.0=pyhd8ed1ab_0
  - h5py=3.13.0=nompi_py311h67016bb_100
  - hdf5=1.14.3=nompi_hb2c4d47_109
  - hpack=4.1.0=pyhd8ed1ab_0
  - hyperframe=6.1.0=pyhd8ed1ab_0
  - importlib-metadata=8.6.1=pyha770c72_0
  - importlib_metadata=8.6.1=hd8ed1ab_0
  - intel-openmp=2024.2.1=h57928b3_1083
  - jinja2=3.1.5=pyhd8ed1ab_0
  - joblib=1.4.2=pyhd8ed1ab_1
  - kiwisolver=1.4.7=py311h3257749_0
  - krb5=1.21.3=hdf4eb48_0
  - lcms2=2.17=hbcf6048_0
  - lerc=4.0.0=h63175ca_0
  - libaec=1.1.3=h63175ca_0
  - libblas=3.9.0=31_h641d27c_mkl
  - libbrotlicommon=1.1.0=h2466b09_2
  - libbrotlidec=1.1.0=h2466b09_2
  - libbrotlienc=1.1.0=h2466b09_2
  - libcblas=3.9.0=31_h5e41251_mkl
  - libcurl=8.12.1=h88aaa65_0
  - libdeflate=1.23=h9062f6e_0
  - libdlf=0.3.0=pyhd8ed1ab_1
  - libexpat=2.6.4=he0c23c2_0
  - libffi=3.4.6=h537db12_0
  - libhwloc=2.11.1=default_h8125262_1000
  - libiconv=1.18=h135ad9c_1
  - libjpeg-turbo=3.0.0=hcfcfb64_1
  - liblapack=3.9.0=31_h1aa476e_mkl
  - liblzma=5.6.4=h2466b09_0
  - libpng=1.6.47=had7236b_0
  - libsqlite=3.49.1=h67fdade_1
  - libssh2=1.11.1=he619c9f_0
  - libtiff=4.7.0=h797046b_3
  - libwebp-base=1.5.0=h3b0e114_0
  - libxcb=1.16=h013a479_1
  - libxml2=2.13.6=he286e8c_0
  - libzlib=1.3.1=h2466b09_2
  - llvm-openmp=19.1.7=h30eaf37_0
  - llvmlite=0.44.0=py311h7deaa30_0
  - locket=1.0.0=pyhd8ed1ab_0
  - m2w64-gcc-libgfortran=5.3.0=6
  - m2w64-gcc-libs=5.3.0=7
  - m2w64-gcc-libs-core=5.3.0=7
  - m2w64-gmp=6.1.0=2
  - m2w64-libwinpthread-git=5.0.0.4634.697f757=2
  - markupsafe=3.0.2=py311h5082efb_1
  - matplotlib-base=3.8.4=py311h9b31f6e_2
  - mkl=2024.2.2=h66d3029_15
  - msgpack-python=1.1.0=py311h3257749_0
  - msys2-conda-epoch=20160418=1
  - mumps-seq=5.7.3=h9576071_7
  - munkres=1.1.4=pyh9f0ad1d_0
  - numba=0.61.0=py311h0673bce_1
  - numcodecs=0.15.1=py311hcf9f919_0
  - numpy=1.26.4=py311h0b4df5a_0
  - openjpeg=2.5.3=h4d64b90_0
  - openssl=3.4.1=ha4e3fda_0
  - packaging=24.2=pyhd8ed1ab_2
  - pandas=2.2.3=py311hcf9f919_1
  - partd=1.4.2=pyhd8ed1ab_0
  - pillow=10.3.0=py311h5592be9_1
  - pip=25.0.1=pyh8b19718_0
  - psutil=7.0.0=py311he736701_0
  - pthread-stubs=0.4=hcd874cb_1001
  - pthreads-win32=2.9.1=h2466b09_4
  - pycparser=2.22=pyh29332c3_1
  - pydantic=2.10.6=pyh3cfb1c2_0
  - pydantic-core=2.27.2=py311h533ab2d_0
  - pydiso=0.1.2=py311h66870c1_0
  - pymatsolver=0.3.1=pyh48887ae_201
  - pyparsing=3.2.1=pyhd8ed1ab_0
  - pysocks=1.7.1=pyh09c184e_7
  - python=3.11.11=h3f84c4b_1_cpython
  - python-dateutil=2.9.0.post0=pyhff2d567_1
  - python-mumps=0.0.3=py311h5bfbc98_0
  - python-tzdata=2023.4=pyhd8ed1ab_0
  - python_abi=3.11=5_cp311
  - pytz=2024.1=pyhd8ed1ab_0
  - pyyaml=6.0.2=py311h5082efb_2
  - scikit-learn=1.4.2=py311hdcb8d17_1
  - scipy=1.14.1=py311hf16d85f_2
  - setuptools=75.8.2=pyhff2d567_0
  - six=1.17.0=pyhd8ed1ab_0
  - sortedcontainers=2.4.0=pyhd8ed1ab_1
  - tbb=2021.12.0=hc790b64_4
  - tblib=3.0.0=pyhd8ed1ab_1
  - threadpoolctl=3.5.0=pyhc1e730c_0
  - tk=8.6.13=h5226925_1
  - toolz=1.0.0=pyhd8ed1ab_1
  - tornado=6.4.2=py311he736701_0
  - tqdm=4.67.1=pyhd8ed1ab_1
  - typing-extensions=4.12.2=hd8ed1ab_1
  - typing_extensions=4.12.2=pyha770c72_1
  - tzdata=2025a=h78e105d_0
  - ucrt=10.0.22621.0=h57928b3_1
  - unicodedata2=16.0.0=py311he736701_0
  - urllib3=2.3.0=pyhd8ed1ab_0
  - vc=14.3=h5fd82a7_24
  - vc14_runtime=14.42.34433=h6356254_24
  - vs2015_runtime=14.42.34433=hfef2bbc_24
  - wheel=0.45.1=pyhd8ed1ab_1
  - win_inet_pton=1.1.0=pyh7428d3b_8
  - wrapt=1.17.2=py311he736701_0
  - xorg-libxau=1.0.11=hcd874cb_0
  - xorg-libxdmcp=1.1.3=hcd874cb_0
  - xyzservices=2025.1.0=pyhd8ed1ab_0
  - yaml=0.2.5=h8ffe710_2
  - zarr=2.14.2=pyhd8ed1ab_0
  - zict=3.0.0=pyhd8ed1ab_1
  - zipp=3.21.0=pyhd8ed1ab_1
  - zstandard=0.19.0=py311ha68e1ae_0
  - zstd=1.5.7=hbeecb71_1
  - pip:
      - geoapps-utils @ git+https://github.com/MiraGeoscience/geoapps-utils.git@6ba24321d5311bbaf7ab460261ce6730ed541131
      - geoh5py @ git+https://github.com/MiraGeoscience/geoh5py.git@99300455d1d5627d8a2e95a7217da2bab4921f48
      - mira-simpeg @ git+https://github.com/MiraGeoscience/simpeg.git@275985aa18af76d70d55311e45dcfed149e62089
      - octree-creation-app @ git+https://github.com/MiraGeoscience/octree-creation-app.git@3c479f5d098332ff1c6e0eca0d56be6cc01e0911
      - param-sweeps @ git+https://github.com/MiraGeoscience/param-sweeps.git@39de1da1495aff6d16641d408317619e23adbdb4

variables:
  KMP_WARNINGS: 0
