# Generated by conda-lock.
# platform: linux-64
# input_hash: 05900a15d902cd9ad1ad3f1d88b70ed5a188e17024ee606718394727d58b10e6

channels:
  - conda-forge
  - nodefaults
dependencies:
  - _openmp_mutex=4.5=3_kmp_llvm
  - annotated-types=0.7.0=pyhd8ed1ab_1
  - asciitree=0.3.3=py_2
  - bokeh=3.6.3=pyhd8ed1ab_0
  - brotli=1.1.0=hb9d3cd8_2
  - brotli-bin=1.1.0=hb9d3cd8_2
  - brotli-python=1.1.0=py312h2ec8cdc_2
  - bzip2=1.0.8=h4bc722e_7
  - c-ares=1.34.5=hb9d3cd8_0
  - ca-certificates=2025.1.31=hbcca054_0
  - cached-property=1.5.2=hd8ed1ab_1
  - cached_property=1.5.2=pyha770c72_1
  - certifi=2025.1.31=pyhd8ed1ab_0
  - cffi=1.17.1=py312h06ac9bb_0
  - click=8.1.8=pyh707e725_0
  - cloudpickle=3.1.1=pyhd8ed1ab_0
  - colorama=0.4.6=pyhd8ed1ab_1
  - contourpy=1.3.2=py312h68727a3_0
  - cycler=0.12.1=pyhd8ed1ab_1
  - cytoolz=1.0.1=py312h66e93f0_0
  - dask-core=2025.3.0=pyhd8ed1ab_0
  - deprecated=1.2.18=pyhd8ed1ab_0
  - discretize=0.11.2=py312hc39e661_1
  - distributed=2025.3.0=pyhd8ed1ab_0
  - fasteners=0.19=pyhd8ed1ab_1
  - fonttools=4.57.0=py312h178313f_0
  - freetype=2.13.3=h48d6fc4_0
  - fsspec=2025.3.2=pyhd8ed1ab_0
  - geoana=0.7.2=py312hc39e661_0
  - h2=4.2.0=pyhd8ed1ab_0
  - h5py=3.13.0=nompi_py312hedeef09_100
  - hdf5=1.14.3=nompi_h2d575fe_109
  - hpack=4.1.0=pyhd8ed1ab_0
  - hyperframe=6.1.0=pyhd8ed1ab_0
  - importlib-metadata=8.6.1=pyha770c72_0
  - jinja2=3.1.6=pyhd8ed1ab_0
  - joblib=1.4.2=pyhd8ed1ab_1
  - keyutils=1.6.1=h166bdaf_0
  - kiwisolver=1.4.8=py312h84d6215_0
  - krb5=1.21.3=h659f571_0
  - lcms2=2.17=h717163a_0
  - ld_impl_linux-64=2.43=h712a8e2_4
  - lerc=4.0.0=h27087fc_0
  - libaec=1.1.3=h59595ed_0
  - libblas=3.9.0=31_hfdb39a5_mkl
  - libbrotlicommon=1.1.0=hb9d3cd8_2
  - libbrotlidec=1.1.0=hb9d3cd8_2
  - libbrotlienc=1.1.0=hb9d3cd8_2
  - libcblas=3.9.0=31_h372d94f_mkl
  - libcurl=8.13.0=h332b0f4_0
  - libdeflate=1.23=h4ddbbb0_0
  - libdlf=0.3.0=pyhd8ed1ab_1
  - libedit=3.1.20250104=pl5321h7949ede_0
  - libev=4.33=hd590300_2
  - libexpat=2.7.0=h5888daf_0
  - libffi=3.4.6=h2dba641_1
  - libgcc=14.2.0=h767d61c_2
  - libgcc-ng=14.2.0=h69a702a_2
  - libgfortran=14.2.0=h69a702a_2
  - libgfortran5=14.2.0=hf1ad2bd_2
  - libhwloc=2.11.2=default_h0d58e46_1001
  - libiconv=1.18=h4ce23a2_1
  - libjpeg-turbo=3.0.0=hd590300_1
  - liblapack=3.9.0=31_hc41d3b0_mkl
  - liblzma=5.8.1=hb9d3cd8_0
  - libnghttp2=1.64.0=h161d5f1_0
  - libnsl=2.0.1=hd590300_0
  - libpng=1.6.47=h943b412_0
  - libscotch=7.0.6=hea33c07_1
  - libsqlite=3.49.1=hee588c1_2
  - libssh2=1.11.1=hf672d98_0
  - libstdcxx=14.2.0=h8f9b012_2
  - libstdcxx-ng=14.2.0=h4852527_2
  - libtiff=4.7.0=hd9ff511_3
  - libuuid=2.38.1=h0b41bf4_0
  - libwebp-base=1.5.0=h851e524_0
  - libxcb=1.17.0=h8a09558_0
  - libxcrypt=4.4.36=hd590300_1
  - libxml2=2.13.7=h81593ed_1
  - libzlib=1.3.1=hb9d3cd8_2
  - llvm-openmp=20.1.2=h024ca30_1
  - locket=1.0.0=pyhd8ed1ab_0
  - markupsafe=3.0.2=py312h178313f_1
  - matplotlib-base=3.8.4=py312h20ab3a6_2
  - metis=5.1.0=hd0bcaf9_1007
  - mkl=2024.2.2=ha957f24_16
  - msgpack-python=1.1.0=py312h68727a3_0
  - mumps-include=5.7.3=h82cca05_9
  - mumps-seq=5.7.3=hb5d91fa_9
  - munkres=1.1.4=pyh9f0ad1d_0
  - ncurses=6.5=h2d0b736_3
  - numcodecs=0.15.1=py312hf9745cd_0
  - numpy=1.26.4=py312heda63a1_0
  - openjpeg=2.5.3=h5fbd93e_0
  - openssl=3.5.0=h7b32b05_0
  - packaging=24.2=pyhd8ed1ab_2
  - pandas=2.2.3=py312hf9745cd_3
  - partd=1.4.2=pyhd8ed1ab_0
  - pillow=10.3.0=py312h287a98d_1
  - pip=25.0.1=pyh8b19718_0
  - psutil=7.0.0=py312h66e93f0_0
  - pthread-stubs=0.4=hb9d3cd8_1002
  - pycparser=2.22=pyh29332c3_1
  - pydantic=2.11.3=pyh3cfb1c2_0
  - pydantic-core=2.33.1=py312h3b7be25_0
  - pydiso=0.1.2=py312h772f2df_0
  - pymatsolver=0.3.1=pyh48887ae_201
  - pyparsing=3.2.3=pyhd8ed1ab_1
  - pysocks=1.7.1=pyha55dd90_7
  - python=3.12.10=h9e4cc4f_0_cpython
  - python-dateutil=2.9.0.post0=pyhff2d567_1
  - python-mumps=0.0.3=py312h6ad3ee3_0
  - python-tzdata=2025.2=pyhd8ed1ab_0
  - python_abi=3.12=6_cp312
  - pytz=2025.2=pyhd8ed1ab_0
  - pyyaml=6.0.2=py312h178313f_2
  - readline=8.2=h8c095d6_2
  - scikit-learn=1.4.2=py312h1fcc3ea_1
  - scipy=1.14.1=py312h62794b6_2
  - setuptools=78.1.0=pyhff2d567_0
  - six=1.17.0=pyhd8ed1ab_0
  - sortedcontainers=2.4.0=pyhd8ed1ab_1
  - tbb=2021.13.0=hceb3a55_1
  - tblib=3.1.0=pyhd8ed1ab_0
  - threadpoolctl=3.6.0=pyhecae5ae_0
  - tk=8.6.13=noxft_h4845f30_101
  - toolz=1.0.0=pyhd8ed1ab_1
  - tornado=6.4.2=py312h66e93f0_0
  - tqdm=4.67.1=pyhd8ed1ab_1
  - typing-extensions=4.13.2=h0e9735f_0
  - typing-inspection=0.4.0=pyhd8ed1ab_0
  - typing_extensions=4.13.2=pyh29332c3_0
  - tzdata=2025b=h78e105d_0
  - unicodedata2=16.0.0=py312h66e93f0_0
  - urllib3=2.4.0=pyhd8ed1ab_0
  - wheel=0.45.1=pyhd8ed1ab_1
  - wrapt=1.17.2=py312h66e93f0_0
  - xorg-libxau=1.0.12=hb9d3cd8_0
  - xorg-libxdmcp=1.1.5=hb9d3cd8_0
  - xyzservices=2025.1.0=pyhd8ed1ab_0
  - yaml=0.2.5=h7f98852_2
  - zarr=2.14.2=pyhd8ed1ab_0
  - zict=3.0.0=pyhd8ed1ab_1
  - zipp=3.21.0=pyhd8ed1ab_1
  - zstandard=0.23.0=py312h66e93f0_1
  - zstd=1.5.7=hb8e6e7a_2
  - pip:
      - geoapps-utils @ git+https://github.com/MiraGeoscience/geoapps-utils.git@6e21320c89581dccb1635d8460dfe296ec41b6da
      - geoh5py @ git+https://github.com/MiraGeoscience/geoh5py.git@b0ac79293314952d7499c9412ae811c2b9f81a29
      - mira-simpeg @ git+https://github.com/MiraGeoscience/simpeg.git@24027d81b65df99d5f582acc4497ed33df8a3396
      - octree-creation-app @ git+https://github.com/MiraGeoscience/octree-creation-app.git@e9c99d6fd5d324571a2717990aecb3ed673cbaca
      - param-sweeps @ git+https://github.com/MiraGeoscience/param-sweeps.git@d5959a0e19b45a89eb8a02cd608bc8accb74adb7

variables:
  KMP_WARNINGS: 0
