# Generated by conda-lock.
# platform: linux-64
# input_hash: cdd2f2057ebae40986506a47e88461c386fbda31f2281055f0f93a8f0010ba2e

channels:
  - conda-forge
dependencies:
  - _libgcc_mutex=0.1=conda_forge
  - ca-certificates=2024.2.2=hbcca054_0
  - ld_impl_linux-64=2.40=h41732ed_0
  - libstdcxx-ng=13.2.0=h7e041cc_5
  - python_abi=3.9=4_cp39
  - tzdata=2024a=h0c530f3_0
  - _openmp_mutex=4.5=2_kmp_llvm
  - libgcc-ng=13.2.0=h807b86a_5
  - bzip2=1.0.8=hd590300_5
  - c-ares=1.26.0=hd590300_0
  - icu=73.2=h59595ed_0
  - keyutils=1.6.1=h166bdaf_0
  - lerc=4.0.0=h27087fc_0
  - libaec=1.1.2=h59595ed_1
  - libbrotlicommon=1.1.0=hd590300_1
  - libdeflate=1.19=hd590300_0
  - libev=4.33=hd590300_2
  - libffi=3.4.2=h7f98852_5
  - libgfortran5=13.2.0=ha4646dd_5
  - libiconv=1.17=hd590300_2
  - libjpeg-turbo=3.0.0=hd590300_1
  - libnsl=2.0.1=hd590300_0
  - libuuid=2.38.1=h0b41bf4_0
  - libwebp-base=1.3.2=hd590300_0
  - libxcrypt=4.4.36=hd590300_1
  - libzlib=1.2.13=hd590300_5
  - ncurses=6.4=h59595ed_2
  - openssl=3.2.1=hd590300_0
  - pthread-stubs=0.4=h36c2ea0_1001
  - xorg-libxau=1.0.11=hd590300_0
  - xorg-libxdmcp=1.1.3=h7f98852_0
  - xz=5.2.6=h166bdaf_0
  - yaml=0.2.5=h7f98852_2
  - libbrotlidec=1.1.0=hd590300_1
  - libbrotlienc=1.1.0=hd590300_1
  - libedit=3.1.20191231=he28a2e2_2
  - libgfortran-ng=13.2.0=h69a702a_5
  - libllvm14=14.0.6=hcd5def8_4
  - libnghttp2=1.58.0=h47da74e_1
  - libpng=1.6.42=h2797004_0
  - libsqlite=3.45.1=h2797004_0
  - libssh2=1.11.0=h0841786_0
  - libxcb=1.15=h0b41bf4_0
  - libxml2=2.12.5=h232c23b_0
  - readline=8.2=h8228510_1
  - tk=8.6.13=noxft_h4845f30_101
  - zstd=1.5.5=hfc55251_0
  - brotli-bin=1.1.0=hd590300_1
  - freetype=2.12.1=h267a509_2
  - krb5=1.21.2=h659d440_0
  - libhwloc=2.9.3=default_h554bfaf_1009
  - libopenblas=0.3.25=pthreads_h413a1c8_0
  - libtiff=4.6.0=ha9c0a0a_2
  - llvm-openmp=17.0.6=h4dfa4b3_0
  - python=3.9.18=h0755675_1_cpython
  - asciitree=0.3.3=py_2
  - brotli=1.1.0=hd590300_1
  - brotli-python=1.1.0=py39h3d6467e_1
  - cached_property=1.5.2=pyha770c72_1
  - certifi=2024.2.2=pyhd8ed1ab_0
  - charset-normalizer=3.3.2=pyhd8ed1ab_0
  - click=8.1.7=unix_pyh707e725_0
  - cloudpickle=3.0.0=pyhd8ed1ab_0
  - colorama=0.4.6=pyhd8ed1ab_0
  - cycler=0.12.1=pyhd8ed1ab_0
  - dill=0.3.8=pyhd8ed1ab_0
  - exceptiongroup=1.2.0=pyhd8ed1ab_2
  - fasteners=0.17.3=pyhd8ed1ab_0
  - fsspec=2024.2.0=pyhca7485f_0
  - idna=3.6=pyhd8ed1ab_0
  - iniconfig=2.0.0=pyhd8ed1ab_0
  - kiwisolver=1.4.5=py39h7633fee_1
  - lcms2=2.16=hb7c19ff_0
  - libblas=3.9.0=20_linux64_openblas
  - libcurl=8.5.0=hca28451_0
  - llvmlite=0.42.0=py39h174d805_1
  - locket=1.0.0=pyhd8ed1ab_0
  - markupsafe=2.1.5=py39hd1e30aa_0
  - mccabe=0.7.0=pyhd8ed1ab_0
  - msgpack-python=1.0.7=py39h7633fee_0
  - munkres=1.1.4=pyh9f0ad1d_0
  - openjpeg=2.5.0=h488ebb8_3
  - packaging=23.2=pyhd8ed1ab_0
  - platformdirs=4.2.0=pyhd8ed1ab_0
  - pluggy=1.4.0=pyhd8ed1ab_0
  - psutil=5.9.8=py39hd1e30aa_0
  - pygments=2.17.2=pyhd8ed1ab_0
  - pyparsing=3.1.1=pyhd8ed1ab_0
  - pysocks=1.7.1=pyha2e5f31_6
  - pyyaml=6.0.1=py39hd1e30aa_1
  - setuptools=69.1.0=pyhd8ed1ab_1
  - six=1.16.0=pyh6c4a22f_0
  - sortedcontainers=2.4.0=pyhd8ed1ab_0
  - tbb=2021.11.0=h00ab1b0_1
  - tblib=3.0.0=pyhd8ed1ab_0
  - toml=0.10.2=pyhd8ed1ab_0
  - tomli=2.0.1=pyhd8ed1ab_0
  - tomlkit=0.12.3=pyha770c72_0
  - toolz=0.12.1=pyhd8ed1ab_0
  - tornado=6.1=py39hb9d737c_3
  - typing_extensions=4.9.0=pyha770c72_0
  - unicodedata2=15.1.0=py39hd1e30aa_0
  - utm=0.7.0=pyhd8ed1ab_0
  - wheel=0.42.0=pyhd8ed1ab_0
  - zict=3.0.0=pyhd8ed1ab_0
  - zipp=3.17.0=pyhd8ed1ab_0
  - cached-property=1.5.2=hd8ed1ab_1
  - coverage=7.4.1=py39hd1e30aa_0
  - cytoolz=0.12.3=py39hd1e30aa_0
  - fonttools=4.49.0=py39hd1e30aa_0
  - hdf5=1.14.3=nompi_h4f84152_100
  - importlib_resources=6.1.1=pyhd8ed1ab_0
  - isort=5.13.2=pyhd8ed1ab_0
  - jinja2=3.1.3=pyhd8ed1ab_0
  - libcblas=3.9.0=20_linux64_openblas
  - liblapack=3.9.0=20_linux64_openblas
  - mkl=2022.2.1=h84fe81f_16997
  - partd=1.4.1=pyhd8ed1ab_0
  - pillow=10.2.0=py39had0adad_0
  - pip=24.0=pyhd8ed1ab_0
  - pytest=8.0.1=pyhd8ed1ab_1
  - python-dateutil=2.8.2=pyhd8ed1ab_0
  - tqdm=4.66.2=pyhd8ed1ab_0
  - typing-extensions=4.9.0=hd8ed1ab_0
  - urllib3=2.2.1=pyhd8ed1ab_0
  - annotated-types=0.6.0=pyhd8ed1ab_0
  - astroid=3.0.3=py39hf3d152e_0
  - dask-core=2022.10.2=pyhd8ed1ab_0
  - importlib-resources=6.1.1=pyhd8ed1ab_0
  - numpy=1.23.5=py39h3d75532_0
  - pydantic-core=2.14.6=py39h9fdd4d6_1
  - pytest-cov=4.1.0=pyhd8ed1ab_0
  - requests=2.31.0=pyhd8ed1ab_0
  - contourpy=1.2.0=py39h7633fee_0
  - distributed=2022.10.2=pyhd8ed1ab_0
  - h5py=3.10.0=nompi_py39h2c511df_101
  - numba=0.59.0=py39h615d6bd_1
  - numcodecs=0.12.1=py39h3d6467e_0
  - pooch=1.8.1=pyhd8ed1ab_0
  - pydantic=2.5.3=pyhd8ed1ab_0
  - pylint=3.0.3=pyhd8ed1ab_0
  - matplotlib-base=3.8.3=py39he9076e7_0
  - scipy=1.10.1=py39h6183b62_3
  - zarr=2.14.2=pyhd8ed1ab_0
  - discretize=0.10.0=py39hda80f44_1
  - empymod=2.2.2=pyhd8ed1ab_0
  - pydiso=0.0.3=py39h051f8f4_4
  - pymatsolver-base=0.2.0=pyh44b312d_3
  - geoana=0.4.0=py39hf939315_1
  - pymatsolver=0.2.0=ha770c72_3
  - pip:
    - joblib === 1.3.2 --hash=sha256:ef4331c65f239985f3f2220ecc87db222f08fd22097a3dd5698f693875f8cbb9
    - pytz === 2024.1 --hash=sha256:328171f4e3623139da4983451950b28e95ac706e13f3f2630a879749e7a8b319
    - threadpoolctl === 3.3.0 --hash=sha256:6155be1f4a39f31a18ea70f94a77e0ccd57dced08122ea61109e7da89883781e
    - tzdata === 2024.1 --hash=sha256:9068bc196136463f5245e51efda838afa15aaeca9903f49050dfa2679db4d252
    - geoh5py === 0.9.0a1 --hash=sha256:ddf340cc1b966ee8ac4f0bf6e0206e56e2de77f9cdbae20d07ce93fd4793bfa5
    - pandas === 2.2.0 --hash=sha256:eb61dc8567b798b969bcc1fc964788f5a68214d333cade8319c7ab33e2b5d88a
    - scikit-learn === 1.4.1.post1 --hash=sha256:2a3ee19211ded1a52ee37b0a7b373a8bfc66f95353af058a210b692bd4cda0dd
    - geoapps-utils === 0.3.0a2 --hash=sha256:cf9d091d7f86c860f24369ddd2fbc6f6670369ca56dd35038c1093bd62ef957d
    - mira-simpeg === 0.19.0.dev7 --hash=sha256:d3ec1138f09611404ae302510b8298ca72e35d70dc623bcd5f499333d8adce01
    - param-sweeps === 0.1.7a1 --hash=sha256:2a82acf94d50507f9a2922ff96b90e22326d9e0deb632a03fc4ae7008defca05
    - octree-creation-app === 0.1.0a3 --hash=sha256:834030116897072e1dfd9ac78c73326a766a6b8f455215dac061343af4453734

variables:
  KMP_WARNINGS: 0
