# Generated by conda-lock.
# platform: linux-64
# input_hash: 2569d23c18a50ce2717159c9416d0bda6d23e15e9102267d9e74a8b7bd5024f4

channels:
  - conda-forge
dependencies:
  - _libgcc_mutex=0.1=conda_forge
  - _openmp_mutex=4.5=2_kmp_llvm
  - asciitree=0.3.3=py_2
  - brotli=1.1.0=hd590300_1
  - brotli-bin=1.1.0=hd590300_1
  - brotli-python=1.1.0=py39h3d6467e_1
  - bzip2=1.0.8=hd590300_5
  - c-ares=1.26.0=hd590300_0
  - ca-certificates=2023.11.17=hbcca054_0
  - cached-property=1.5.2=hd8ed1ab_1
  - cached_property=1.5.2=pyha770c72_1
  - certifi=2023.11.17=pyhd8ed1ab_0
  - charset-normalizer=3.3.2=pyhd8ed1ab_0
  - click=8.1.7=unix_pyh707e725_0
  - cloudpickle=3.0.0=pyhd8ed1ab_0
  - colorama=0.4.6=pyhd8ed1ab_0
  - contourpy=1.2.0=py39h7633fee_0
  - cycler=0.12.1=pyhd8ed1ab_0
  - cytoolz=0.12.2=py39hd1e30aa_1
  - dask-core=2022.10.2=pyhd8ed1ab_0
  - discretize=0.10.0=py39hda80f44_1
  - distributed=2022.10.2=pyhd8ed1ab_0
  - empymod=2.2.2=pyhd8ed1ab_0
  - fasteners=0.17.3=pyhd8ed1ab_0
  - fonttools=4.47.2=py39hd1e30aa_0
  - freetype=2.12.1=h267a509_2
  - fsspec=2023.12.2=pyhca7485f_0
  - geoana=0.4.0=py39hf939315_1
  - h5py=3.10.0=nompi_py39h2c511df_101
  - hdf5=1.14.3=nompi_h4f84152_100
  - icu=73.2=h59595ed_0
  - idna=3.6=pyhd8ed1ab_0
  - importlib-resources=6.1.1=pyhd8ed1ab_0
  - importlib_resources=6.1.1=pyhd8ed1ab_0
  - jinja2=3.1.3=pyhd8ed1ab_0
  - keyutils=1.6.1=h166bdaf_0
  - kiwisolver=1.4.5=py39h7633fee_1
  - krb5=1.21.2=h659d440_0
  - lcms2=2.16=hb7c19ff_0
  - ld_impl_linux-64=2.40=h41732ed_0
  - lerc=4.0.0=h27087fc_0
  - libaec=1.1.2=h59595ed_1
  - libblas=3.9.0=20_linux64_openblas
  - libbrotlicommon=1.1.0=hd590300_1
  - libbrotlidec=1.1.0=hd590300_1
  - libbrotlienc=1.1.0=hd590300_1
  - libcblas=3.9.0=20_linux64_openblas
  - libcurl=8.5.0=hca28451_0
  - libdeflate=1.19=hd590300_0
  - libedit=3.1.20191231=he28a2e2_2
  - libev=4.33=hd590300_2
  - libffi=3.4.2=h7f98852_5
  - libgcc-ng=13.2.0=h807b86a_4
  - libgfortran-ng=13.2.0=h69a702a_4
  - libgfortran5=13.2.0=ha4646dd_4
  - libhwloc=2.9.3=default_h554bfaf_1009
  - libiconv=1.17=hd590300_2
  - libjpeg-turbo=3.0.0=hd590300_1
  - liblapack=3.9.0=20_linux64_openblas
  - libllvm14=14.0.6=hcd5def8_4
  - libnghttp2=1.58.0=h47da74e_1
  - libnsl=2.0.1=hd590300_0
  - libopenblas=0.3.25=pthreads_h413a1c8_0
  - libpng=1.6.42=h2797004_0
  - libsqlite=3.44.2=h2797004_0
  - libssh2=1.11.0=h0841786_0
  - libstdcxx-ng=13.2.0=h7e041cc_4
  - libtiff=4.6.0=ha9c0a0a_2
  - libuuid=2.38.1=h0b41bf4_0
  - libwebp-base=1.3.2=hd590300_0
  - libxcb=1.15=h0b41bf4_0
  - libxcrypt=4.4.36=hd590300_1
  - libxml2=2.12.4=h232c23b_1
  - libzlib=1.2.13=hd590300_5
  - llvm-openmp=17.0.6=h4dfa4b3_0
  - llvmlite=0.41.1=py39h174d805_0
  - locket=1.0.0=pyhd8ed1ab_0
  - markupsafe=2.1.4=py39hd1e30aa_0
  - matplotlib-base=3.8.2=py39he9076e7_0
  - mkl=2022.2.1=h84fe81f_16997
  - msgpack-python=1.0.7=py39h7633fee_0
  - munkres=1.1.4=pyh9f0ad1d_0
  - ncurses=6.4=h59595ed_2
  - numba=0.58.1=py39h615d6bd_0
  - numcodecs=0.12.1=py39h3d6467e_0
  - numpy=1.23.5=py39h3d75532_0
  - openjpeg=2.5.0=h488ebb8_3
  - openssl=3.2.1=hd590300_0
  - packaging=23.2=pyhd8ed1ab_0
  - partd=1.4.1=pyhd8ed1ab_0
  - pillow=10.2.0=py39had0adad_0
  - pip=23.3.2=pyhd8ed1ab_0
  - platformdirs=4.2.0=pyhd8ed1ab_0
  - pooch=1.8.0=pyhd8ed1ab_0
  - psutil=5.9.8=py39hd1e30aa_0
  - pthread-stubs=0.4=h36c2ea0_1001
  - pydiso=0.0.3=py39h051f8f4_4
  - pymatsolver=0.2.0=py39hf3d152e_2
  - pyparsing=3.1.1=pyhd8ed1ab_0
  - pysocks=1.7.1=pyha2e5f31_6
  - python=3.9.18=h0755675_1_cpython
  - python-dateutil=2.8.2=pyhd8ed1ab_0
  - python_abi=3.9=4_cp39
  - pyyaml=6.0.1=py39hd1e30aa_1
  - readline=8.2=h8228510_1
  - requests=2.31.0=pyhd8ed1ab_0
  - scipy=1.10.1=py39h6183b62_3
  - setuptools=69.0.3=pyhd8ed1ab_0
  - six=1.16.0=pyh6c4a22f_0
  - sortedcontainers=2.4.0=pyhd8ed1ab_0
  - tbb=2021.11.0=h00ab1b0_1
  - tblib=3.0.0=pyhd8ed1ab_0
  - tk=8.6.13=noxft_h4845f30_101
  - toolz=0.12.1=pyhd8ed1ab_0
  - tornado=6.1=py39hb9d737c_3
  - tqdm=4.66.1=pyhd8ed1ab_0
  - tzdata=2023d=h0c530f3_0
  - unicodedata2=15.1.0=py39hd1e30aa_0
  - urllib3=2.2.0=pyhd8ed1ab_0
  - utm=0.7.0=pyhd8ed1ab_0
  - wheel=0.42.0=pyhd8ed1ab_0
  - xorg-libxau=1.0.11=hd590300_0
  - xorg-libxdmcp=1.1.3=h7f98852_0
  - xz=5.2.6=h166bdaf_0
  - yaml=0.2.5=h7f98852_2
  - zarr=2.14.2=pyhd8ed1ab_0
  - zict=3.0.0=pyhd8ed1ab_0
  - zipp=3.17.0=pyhd8ed1ab_0
  - zstd=1.5.5=hfc55251_0
  - pip:
      - annotated-types === 0.6.0 --hash=sha256:0641064de18ba7a25dee8f96403ebc39113d0cb953a01429249d5c7564666a43
      - geoapps-utils === 0.3.0a1 --hash=sha256:91e4746d916dad8439c97a5f7a32236216f3037e7690f3095318f7d12b70f762
      - geoh5py === 0.9.0a1 --hash=sha256:ddf340cc1b966ee8ac4f0bf6e0206e56e2de77f9cdbae20d07ce93fd4793bfa5
      - joblib === 1.3.2 --hash=sha256:ef4331c65f239985f3f2220ecc87db222f08fd22097a3dd5698f693875f8cbb9
      - mira-simpeg === 0.19.0.dev6 --hash=sha256:7720abe7cc2dddedcc9bee847de1cf8e0d88419ce07495892bea170a443ad0f7
      - octree-creation-app === 0.1.0a2 --hash=sha256:2d05aa7436833888cb1d68fda95eab89858ddb74987a7f350163a346d1ebebcf
      - pandas === 2.2.0 --hash=sha256:eb61dc8567b798b969bcc1fc964788f5a68214d333cade8319c7ab33e2b5d88a
      - param-sweeps === 0.1.7a1 --hash=sha256:2a82acf94d50507f9a2922ff96b90e22326d9e0deb632a03fc4ae7008defca05
      - properties === 0.6.1 --hash=sha256:b119ce4c53f4717fa29371c1bb929f422dda7ed90a4559b3583ea77389177263
      - pydantic === 2.5.3 --hash=sha256:d0caf5954bee831b6bfe7e338c32b9e30c85dfe080c843680783ac2b631673b4
      - pydantic-core === 2.14.6 --hash=sha256:eedf97be7bc3dbc8addcef4142f4b4164066df0c6f36397ae4aaed3eb187d8ab
      - pytz === 2023.4 --hash=sha256:f90ef520d95e7c46951105338d918664ebfd6f1d995bd7d153127ce90efafa6a
      - scikit-learn === 1.4.0 --hash=sha256:aad2a63e0dd386b92da3270887a29b308af4d7c750d8c4995dfd9a4798691bcc
      - simpeg-archive === 0.11.0.dev6 --hash=sha256:ddb2487b640846a6859afb6f9f33ec5a04e4e0d5572c690d4c1a88579a47adcb
      - threadpoolctl === 3.2.0 --hash=sha256:2b7818516e423bdaebb97c723f86a7c6b0a83d3f3b0970328d66f4d9104dc032
      - tzdata === 2023.4 --hash=sha256:aa3ace4329eeacda5b7beb7ea08ece826c28d761cda36e747cfbf97996d39bf3
      - vectormath === 0.2.2 --hash=sha256:f9f9209d350ec89dc11e2548e0e6397c1b9489c8468eb50ce33788ee4322a7b8

variables:
  KMP_WARNINGS: 0
