# Generated by conda-lock.
# platform: win-64
# input_hash: 1b992ff9f8e331f00f3c73c19b2d90a02b15bad512f46790f540c5b81e9a6efd

channels:
  - conda-forge
  - nodefaults
dependencies:
  - _openmp_mutex=4.5=2_gnu
  - accessible-pygments=0.0.5=pyhd8ed1ab_1
  - alabaster=0.7.16=pyhd8ed1ab_0
  - annotated-types=0.7.0=pyhd8ed1ab_1
  - anyio=4.10.0=pyhe01879c_0
  - argon2-cffi=25.1.0=pyhd8ed1ab_0
  - argon2-cffi-bindings=25.1.0=py311h3485c13_0
  - arrow=1.3.0=pyhd8ed1ab_1
  - asciitree=0.3.3=py_2
  - astroid=3.3.11=py311h1ea47a8_0
  - asttokens=3.0.0=pyhd8ed1ab_1
  - async-lru=2.0.5=pyh29332c3_0
  - attrs=25.3.0=pyh71513ae_0
  - babel=2.17.0=pyhd8ed1ab_0
  - beautifulsoup4=4.13.4=pyha770c72_0
  - bleach=6.2.0=pyh29332c3_4
  - bleach-with-css=6.2.0=h82add2a_4
  - bokeh=3.6.3=pyhd8ed1ab_0
  - brotli=1.1.0=h2466b09_3
  - brotli-bin=1.1.0=h2466b09_3
  - brotli-python=1.1.0=py311hda3d55a_3
  - bzip2=1.0.8=h2466b09_7
  - ca-certificates=2025.8.3=h4c7d964_0
  - cached-property=1.5.2=hd8ed1ab_1
  - cached_property=1.5.2=pyha770c72_1
  - certifi=2025.8.3=pyhd8ed1ab_0
  - cffi=1.17.1=py311he736701_0
  - charset-normalizer=3.4.3=pyhd8ed1ab_0
  - click=8.2.1=pyh7428d3b_0
  - cloudpickle=3.1.1=pyhd8ed1ab_0
  - colorama=0.4.6=pyhd8ed1ab_1
  - comm=0.2.3=pyhe01879c_0
  - contourpy=1.3.3=py311h3fd045d_1
  - coverage=7.10.4=py311h3f79411_0
  - cpython=3.11.13=py311hd8ed1ab_0
  - cycler=0.12.1=pyhd8ed1ab_1
  - cytoolz=1.0.1=py311he736701_0
  - dask-core=2025.3.0=pyhd8ed1ab_0
  - dataclasses=0.8=pyhc8e2a94_3
  - debugpy=1.8.16=py311h5dfdfe8_0
  - decorator=5.2.1=pyhd8ed1ab_0
  - defusedxml=0.7.1=pyhd8ed1ab_0
  - deprecated=1.2.18=pyhd8ed1ab_0
  - dill=0.4.0=pyhd8ed1ab_0
  - discretize=0.11.3=py311h9b10771_0
  - distributed=2025.3.0=pyhd8ed1ab_0
  - docutils=0.19=py311h1ea47a8_1
  - exceptiongroup=1.3.0=pyhd8ed1ab_0
  - executing=2.2.0=pyhd8ed1ab_0
  - fasteners=0.19=pyhd8ed1ab_1
  - fonttools=4.59.1=py311h3f79411_0
  - fqdn=1.5.1=pyhd8ed1ab_1
  - freetype=2.13.3=h57928b3_1
  - fsspec=2025.7.0=pyhd8ed1ab_0
  - geoana=0.7.2=py311h9b10771_0
  - greenlet=3.2.4=py311h3e6a449_0
  - h11=0.16.0=pyhd8ed1ab_0
  - h2=4.2.0=pyhd8ed1ab_0
  - h5py=3.14.0=nompi_py311h97e6cc2_100
  - hdf5=1.14.6=nompi_he30205f_103
  - hpack=4.1.0=pyhd8ed1ab_0
  - httpcore=1.0.9=pyh29332c3_0
  - httpx=0.28.1=pyhd8ed1ab_0
  - hyperframe=6.1.0=pyhd8ed1ab_0
  - idna=3.10=pyhd8ed1ab_1
  - imagesize=1.4.1=pyhd8ed1ab_0
  - importlib-metadata=8.7.0=pyhe01879c_1
  - importlib_metadata=8.7.0=h40b2b14_1
  - iniconfig=2.0.0=pyhd8ed1ab_1
  - ipykernel=6.30.1=pyh3521513_0
  - ipython=9.4.0=pyh6be1c34_0
  - ipython_genutils=0.2.0=pyhd8ed1ab_2
  - ipython_pygments_lexers=1.1.1=pyhd8ed1ab_0
  - ipywidgets=7.8.5=pyhd8ed1ab_0
  - isoduration=20.11.0=pyhd8ed1ab_1
  - isort=6.0.1=pyhd8ed1ab_1
  - jedi=0.19.2=pyhd8ed1ab_1
  - jinja2=3.1.6=pyhd8ed1ab_0
  - joblib=1.5.1=pyhd8ed1ab_0
  - json5=0.12.1=pyhd8ed1ab_0
  - jsonpointer=3.0.0=py311h1ea47a8_1
  - jsonschema=4.25.1=pyhe01879c_0
  - jsonschema-specifications=2025.4.1=pyh29332c3_0
  - jsonschema-with-format-nongpl=4.25.1=he01879c_0
  - jupyter-book=1.0.3=pyhd8ed1ab_1
  - jupyter-cache=1.0.1=pyhff2d567_0
  - jupyter-lsp=2.2.6=pyhe01879c_0
  - jupyter_client=8.6.3=pyhd8ed1ab_1
  - jupyter_core=5.8.1=pyh5737063_0
  - jupyter_events=0.12.0=pyh29332c3_0
  - jupyter_server=2.16.0=pyhe01879c_0
  - jupyter_server_terminals=0.5.3=pyhd8ed1ab_1
  - jupyterlab=4.4.6=pyhd8ed1ab_0
  - jupyterlab_pygments=0.3.0=pyhd8ed1ab_2
  - jupyterlab_server=2.27.3=pyhd8ed1ab_1
  - jupyterlab_widgets=1.1.11=pyhd8ed1ab_0
  - jupytext=1.17.2=pyh80e38bb_0
  - kiwisolver=1.4.9=py311h275cad7_0
  - krb5=1.21.3=hdf4eb48_0
  - lark=1.2.2=pyhd8ed1ab_1
  - latexcodec=2.0.1=pyh9f0ad1d_0
  - lcms2=2.17=hbcf6048_0
  - lerc=4.0.0=h6470a55_1
  - libaec=1.1.4=h20038f6_0
  - libblas=3.9.0=34_h5709861_mkl
  - libbrotlicommon=1.1.0=h2466b09_3
  - libbrotlidec=1.1.0=h2466b09_3
  - libbrotlienc=1.1.0=h2466b09_3
  - libcblas=3.9.0=34_h2a3cdd5_mkl
  - libcurl=8.14.1=h88aaa65_0
  - libdeflate=1.24=h76ddb4d_0
  - libdlf=0.3.0=pyhd8ed1ab_1
  - libexpat=2.7.1=hac47afa_0
  - libffi=3.4.6=h537db12_1
  - libfreetype=2.13.3=h57928b3_1
  - libfreetype6=2.13.3=h0b5ce68_1
  - libgcc=15.1.0=h1383e82_4
  - libgomp=15.1.0=h1383e82_4
  - libhwloc=2.12.1=default_h88281d1_1000
  - libiconv=1.18=hc1393d2_2
  - libjpeg-turbo=3.1.0=h2466b09_0
  - liblapack=3.9.0=34_hf9ab0e9_mkl
  - liblzma=5.8.1=h2466b09_2
  - libpng=1.6.50=h7351971_1
  - libsodium=1.0.20=hc70643c_0
  - libspatialindex=2.0.0=h5a68840_0
  - libsqlite=3.50.4=hf5d6505_0
  - libssh2=1.11.1=h9aa295b_0
  - libtiff=4.7.0=h550210a_6
  - libwebp-base=1.6.0=h4d5522a_0
  - libwinpthread=12.0.0.r4.gg4f2fc60ca=h57928b3_9
  - libxcb=1.17.0=h0e4246c_0
  - libxml2=2.13.8=h741aa76_1
  - libzlib=1.3.1=h2466b09_2
  - linkify-it-py=2.0.3=pyhd8ed1ab_1
  - llvm-openmp=20.1.8=hfa2b4ca_1
  - locket=1.0.0=pyhd8ed1ab_0
  - markdown-it-py=2.2.0=pyhd8ed1ab_0
  - markupsafe=3.0.2=py311h5082efb_1
  - matplotlib-base=3.8.4=py311h9b31f6e_2
  - matplotlib-inline=0.1.7=pyhd8ed1ab_1
  - mccabe=0.7.0=pyhd8ed1ab_1
  - mdit-py-plugins=0.5.0=pyhd8ed1ab_0
  - mdurl=0.1.2=pyhd8ed1ab_1
  - mistune=3.1.3=pyh29332c3_0
  - mkl=2024.2.2=h57928b3_16
  - msgpack-python=1.1.1=py311h3257749_0
  - mumps-seq=5.7.3=hbaa6519_10
  - munkres=1.1.4=pyhd8ed1ab_1
  - myst-nb=1.3.0=pyhe01879c_0
  - myst-parser=1.0.0=pyhd8ed1ab_0
  - nbclient=0.10.2=pyhd8ed1ab_0
  - nbconvert=7.16.6=hb482800_0
  - nbconvert-core=7.16.6=pyh29332c3_0
  - nbconvert-pandoc=7.16.6=hed9df3c_0
  - nbformat=5.10.4=pyhd8ed1ab_1
  - nest-asyncio=1.6.0=pyhd8ed1ab_1
  - notebook=7.4.5=pyhd8ed1ab_0
  - notebook-shim=0.2.4=pyhd8ed1ab_1
  - numcodecs=0.15.1=py311hcf9f919_0
  - numpy=1.26.4=py311h0b4df5a_0
  - openjpeg=2.5.3=h24db6dd_1
  - openssl=3.5.2=h725018a_0
  - overrides=7.7.0=pyhd8ed1ab_1
  - packaging=25.0=pyh29332c3_1
  - pandas=2.3.1=py311h11fd7f3_0
  - pandoc=3.7.0.2=h57928b3_0
  - pandocfilters=1.5.0=pyhd8ed1ab_0
  - parso=0.8.4=pyhd8ed1ab_1
  - partd=1.4.2=pyhd8ed1ab_0
  - pickleshare=0.7.5=pyhd8ed1ab_1004
  - pillow=10.3.0=py311h5592be9_1
  - pip=25.2=pyh8b19718_0
  - platformdirs=4.3.8=pyhe01879c_0
  - pluggy=1.6.0=pyhd8ed1ab_0
  - prometheus_client=0.22.1=pyhd8ed1ab_0
  - prompt-toolkit=3.0.51=pyha770c72_0
  - psutil=7.0.0=py311he736701_0
  - pthread-stubs=0.4=h0e40799_1002
  - pure_eval=0.2.3=pyhd8ed1ab_1
  - pybtex=0.25.1=pyhd8ed1ab_0
  - pybtex-docutils=1.0.3=py311h1ea47a8_2
  - pycparser=2.22=pyh29332c3_1
  - pydantic=2.11.7=pyh3cfb1c2_0
  - pydantic-core=2.33.2=py311hc4022dc_0
  - pydata-sphinx-theme=0.15.4=pyhd8ed1ab_0
  - pydiso=0.1.2=py311h66870c1_0
  - pygments=2.19.2=pyhd8ed1ab_0
  - pylint=3.3.8=pyhe01879c_0
  - pymatsolver=0.3.1=pyh48887ae_201
  - pyparsing=3.2.3=pyhe01879c_2
  - pysocks=1.7.1=pyh09c184e_7
  - pytest=8.4.1=pyhd8ed1ab_0
  - pytest-cov=6.2.1=pyhd8ed1ab_0
  - python=3.11.13=h3f84c4b_0_cpython
  - python-dateutil=2.9.0.post0=pyhe01879c_2
  - python-fastjsonschema=2.21.2=pyhe01879c_0
  - python-json-logger=2.0.7=pyhd8ed1ab_0
  - python-mumps=0.0.3=py311h5bfbc98_0
  - python-tzdata=2025.2=pyhd8ed1ab_0
  - python_abi=3.11=8_cp311
  - pytz=2025.2=pyhd8ed1ab_0
  - pywin32=311=py311hefeebc8_0
  - pywinpty=2.0.15=py311hda3d55a_0
  - pyyaml=6.0.2=py311h5082efb_2
  - pyzmq=27.0.1=py311ha362a94_0
  - readthedocs-sphinx-ext=2.2.5=pyhd8ed1ab_1
  - referencing=0.36.2=pyh29332c3_0
  - requests=2.32.5=pyhd8ed1ab_0
  - rfc3339-validator=0.1.4=pyhd8ed1ab_1
  - rfc3986-validator=0.1.1=pyh9f0ad1d_0
  - rfc3987-syntax=1.1.0=pyhe01879c_1
  - rpds-py=0.27.0=py311hf51aa87_0
  - rtree=1.2.0=py311h44d53c4_1
  - scikit-learn=1.6.1=py311hdcb8d17_0
  - scipy=1.14.1=py311hf16d85f_2
  - send2trash=1.8.3=pyh5737063_1
  - setuptools=80.9.0=pyhff2d567_0
  - six=1.17.0=pyhe01879c_1
  - sniffio=1.3.1=pyhd8ed1ab_1
  - snowballstemmer=3.0.1=pyhd8ed1ab_0
  - sortedcontainers=2.4.0=pyhd8ed1ab_1
  - soupsieve=2.7=pyhd8ed1ab_0
  - sphinx=5.3.0=pyhd8ed1ab_0
  - sphinx-book-theme=1.1.3=pyhd8ed1ab_1
  - sphinx-comments=0.0.3=pyhd8ed1ab_1
  - sphinx-copybutton=0.5.2=pyhd8ed1ab_1
  - sphinx-design=0.6.1=pyhd8ed1ab_0
  - sphinx-external-toc=1.0.1=pyhd8ed1ab_1
  - sphinx-jupyterbook-latex=1.0.0=pyhd8ed1ab_1
  - sphinx-multitoc-numbering=0.1.3=pyhd8ed1ab_1
  - sphinx-thebe=0.3.1=pyhd8ed1ab_1
  - sphinx-togglebutton=0.3.2=pyhd8ed1ab_0
  - sphinxcontrib-applehelp=2.0.0=pyhd8ed1ab_1
  - sphinxcontrib-bibtex=2.5.0=pyhd8ed1ab_0
  - sphinxcontrib-devhelp=2.0.0=pyhd8ed1ab_1
  - sphinxcontrib-htmlhelp=2.1.0=pyhd8ed1ab_1
  - sphinxcontrib-jsmath=1.0.1=pyhd8ed1ab_1
  - sphinxcontrib-qthelp=2.0.0=pyhd8ed1ab_1
  - sphinxcontrib-serializinghtml=1.1.10=pyhd8ed1ab_1
  - sqlalchemy=2.0.43=py311h3485c13_0
  - stack_data=0.6.3=pyhd8ed1ab_1
  - tabulate=0.9.0=pyhd8ed1ab_2
  - tbb=2021.13.0=h18a62a1_2
  - tblib=3.1.0=pyhd8ed1ab_0
  - terminado=0.18.1=pyh5737063_0
  - threadpoolctl=3.6.0=pyhecae5ae_0
  - tinycss2=1.4.0=pyhd8ed1ab_0
  - tk=8.6.13=h2c6b04d_2
  - toml=0.10.2=pyhd8ed1ab_1
  - tomli=2.2.1=pyhe01879c_2
  - tomlkit=0.13.3=pyha770c72_0
  - toolz=1.0.0=pyhd8ed1ab_1
  - tornado=6.5.2=py311h3485c13_0
  - tqdm=4.67.1=pyhd8ed1ab_1
  - traitlets=5.14.3=pyhd8ed1ab_1
  - trimesh=4.1.8=pyhd8ed1ab_0
  - types-python-dateutil=2.9.0.20250809=pyhd8ed1ab_0
  - typing-extensions=4.14.1=h4440ef1_0
  - typing-inspection=0.4.1=pyhd8ed1ab_0
  - typing_extensions=4.14.1=pyhe01879c_0
  - typing_utils=0.1.0=pyhd8ed1ab_1
  - tzdata=2025b=h78e105d_0
  - uc-micro-py=1.0.3=pyhd8ed1ab_1
  - ucrt=10.0.22621.0=h57928b3_1
  - unicodedata2=16.0.0=py311he736701_0
  - uri-template=1.3.0=pyhd8ed1ab_1
  - urllib3=2.5.0=pyhd8ed1ab_0
  - vc=14.3=h41ae7f8_31
  - vc14_runtime=14.44.35208=h818238b_31
  - vcomp14=14.44.35208=h818238b_31
  - wcwidth=0.2.13=pyhd8ed1ab_1
  - webcolors=24.11.1=pyhd8ed1ab_0
  - webencodings=0.5.1=pyhd8ed1ab_3
  - websocket-client=1.8.0=pyhd8ed1ab_1
  - wheel=0.45.1=pyhd8ed1ab_1
  - widgetsnbextension=3.6.10=pyhd8ed1ab_0
  - win_inet_pton=1.1.0=pyh7428d3b_8
  - winpty=0.4.3=4
  - wrapt=1.17.3=py311h3485c13_0
  - xorg-libxau=1.0.12=h0e40799_0
  - xorg-libxdmcp=1.1.5=h0e40799_0
  - xyzservices=2025.4.0=pyhd8ed1ab_0
  - yaml=0.2.5=h6a83c73_3
  - zarr=2.14.2=pyhd8ed1ab_0
  - zeromq=4.3.5=ha9f60a1_7
  - zict=3.0.0=pyhd8ed1ab_1
  - zipp=3.23.0=pyhd8ed1ab_0
  - zstandard=0.23.0=py311he736701_2
  - zstd=1.5.7=hbeecb71_2
  - pip:
      - geoapps-utils @ git+https://github.com/MiraGeoscience/geoapps-utils.git@25bf69c7afdfce5e9d4ac7d667c88790aad9c934
      - geoh5py @ git+https://github.com/MiraGeoscience/geoh5py.git@12bf67269934b26a307c69857c01dd3b4c4742e9
      - grid-apps @ git+https://github.com/MiraGeoscience/grid-apps.git@e5bc756e65c0deb2c35e9b5bad8b4572697e2f9f
      - mira-simpeg @ git+https://github.com/MiraGeoscience/simpeg.git@dc256f618543d8ee94fd36737749715fe497f8b7
      - octree-creation-app @ git+https://github.com/MiraGeoscience/octree-creation-app.git@111d2925130201bae952ff8692bf87663f3481ac
      - param-sweeps @ git+https://github.com/MiraGeoscience/param-sweeps.git@cee0044fc645d73d33444cc82ce040772741dc1d

variables:
  KMP_WARNINGS: 0
