# Generated by conda-lock.
# platform: win-64
# input_hash: d0126de4fcc4be4a53988c70d1385c19e4525c0f2f9cd3e169850336f0397c3d

channels:
  - conda-forge
dependencies:
  - asciitree=0.3.3=py_2
  - brotli=1.1.0=hcfcfb64_1
  - brotli-bin=1.1.0=hcfcfb64_1
  - brotli-python=1.1.0=py310h00ffb61_1
  - bzip2=1.0.8=hcfcfb64_5
  - ca-certificates=2023.11.17=h56e8100_0
  - cached-property=1.5.2=hd8ed1ab_1
  - cached_property=1.5.2=pyha770c72_1
  - certifi=2023.11.17=pyhd8ed1ab_0
  - charset-normalizer=3.3.2=pyhd8ed1ab_0
  - click=8.1.7=win_pyh7428d3b_0
  - cloudpickle=3.0.0=pyhd8ed1ab_0
  - colorama=0.4.6=pyhd8ed1ab_0
  - contourpy=1.2.0=py310h232114e_0
  - cycler=0.12.1=pyhd8ed1ab_0
  - cytoolz=0.12.2=py310h8d17308_1
  - dask-core=2022.10.2=pyhd8ed1ab_0
  - discretize=0.10.0=py310h4856b71_1
  - distributed=2022.10.2=pyhd8ed1ab_0
  - empymod=2.2.2=pyhd8ed1ab_0
  - fasteners=0.17.3=pyhd8ed1ab_0
  - fonttools=4.47.2=py310h8d17308_0
  - freetype=2.12.1=hdaf720e_2
  - fsspec=2023.12.2=pyhca7485f_0
  - geoana=0.4.0=py310h232114e_1
  - h5py=3.10.0=nompi_py310hde4a0ea_101
  - hdf5=1.14.3=nompi_h73e8ff5_100
  - idna=3.6=pyhd8ed1ab_0
  - intel-openmp=2024.0.0=h57928b3_49840
  - jinja2=3.1.3=pyhd8ed1ab_0
  - kiwisolver=1.4.5=py310h232114e_1
  - krb5=1.21.2=heb0366b_0
  - lcms2=2.16=h67d730c_0
  - lerc=4.0.0=h63175ca_0
  - libaec=1.1.2=h63175ca_1
  - libblas=3.9.0=21_win64_openblas
  - libbrotlicommon=1.1.0=hcfcfb64_1
  - libbrotlidec=1.1.0=hcfcfb64_1
  - libbrotlienc=1.1.0=hcfcfb64_1
  - libcblas=3.9.0=21_win64_openblas
  - libcurl=8.5.0=hd5e4a3a_0
  - libdeflate=1.19=hcfcfb64_0
  - libffi=3.4.2=h8ffe710_5
  - libflang=5.0.0=h6538335_20180525
  - libhwloc=2.9.3=default_haede6df_1009
  - libiconv=1.17=hcfcfb64_2
  - libjpeg-turbo=3.0.0=hcfcfb64_1
  - liblapack=3.9.0=21_win64_openblas
  - libopenblas=0.3.26=pthreads_hc140b1d_0
  - libpng=1.6.39=h19919ed_0
  - libsqlite=3.44.2=hcfcfb64_0
  - libssh2=1.11.0=h7dfc565_0
  - libtiff=4.6.0=h6e2ebb7_2
  - libwebp-base=1.3.2=hcfcfb64_0
  - libxcb=1.15=hcd874cb_0
  - libxml2=2.12.4=hc3477c8_1
  - libzlib=1.2.13=hcfcfb64_5
  - llvm-meta=5.0.0=0
  - llvmlite=0.41.1=py310hb84602e_0
  - locket=1.0.0=pyhd8ed1ab_0
  - m2w64-gcc-libgfortran=5.3.0=6
  - m2w64-gcc-libs=5.3.0=7
  - m2w64-gcc-libs-core=5.3.0=7
  - m2w64-gmp=6.1.0=2
  - m2w64-libwinpthread-git=5.0.0.4634.697f757=2
  - markupsafe=2.1.4=py310h8d17308_0
  - matplotlib-base=3.8.2=py310hc9baf74_0
  - mkl=2022.2.1=h6a75c08_19751
  - msgpack-python=1.0.7=py310h232114e_0
  - msys2-conda-epoch=20160418=1
  - munkres=1.1.4=pyh9f0ad1d_0
  - numba=0.58.1=py310h9ccaf4f_0
  - numcodecs=0.12.1=py310h00ffb61_0
  - numpy=1.23.5=py310h4a8f9c9_0
  - openjpeg=2.5.0=h3d672ee_3
  - openmp=5.0.0=vc14_1
  - openssl=3.2.0=hcfcfb64_1
  - packaging=23.2=pyhd8ed1ab_0
  - partd=1.4.1=pyhd8ed1ab_0
  - pillow=10.2.0=py310h1e6a543_0
  - pip=23.3.2=pyhd8ed1ab_0
  - platformdirs=4.1.0=pyhd8ed1ab_0
  - pooch=1.8.0=pyhd8ed1ab_0
  - psutil=5.9.8=py310h8d17308_0
  - pthread-stubs=0.4=hcd874cb_1001
  - pthreads-win32=2.9.1=hfa6e2cd_3
  - pydiso=0.0.3=py310h847dae0_4
  - pymatsolver=0.2.0=pyhd8ed1ab_0
  - pyparsing=3.1.1=pyhd8ed1ab_0
  - pysocks=1.7.1=pyh0701188_6
  - python=3.10.13=h4de0772_1_cpython
  - python-dateutil=2.8.2=pyhd8ed1ab_0
  - python_abi=3.10=4_cp310
  - pyyaml=6.0.1=py310h8d17308_1
  - requests=2.31.0=pyhd8ed1ab_0
  - scipy=1.10.1=py310h578b7cb_3
  - setuptools=69.0.3=pyhd8ed1ab_0
  - six=1.16.0=pyh6c4a22f_0
  - sortedcontainers=2.4.0=pyhd8ed1ab_0
  - tbb=2021.11.0=h91493d7_0
  - tblib=3.0.0=pyhd8ed1ab_0
  - tk=8.6.13=h5226925_1
  - toolz=0.12.1=pyhd8ed1ab_0
  - tornado=6.1=py310he2412df_3
  - tqdm=4.66.1=pyhd8ed1ab_0
  - tzdata=2023d=h0c530f3_0
  - ucrt=10.0.22621.0=h57928b3_0
  - unicodedata2=15.1.0=py310h8d17308_0
  - urllib3=2.1.0=pyhd8ed1ab_0
  - utm=0.7.0=pyhd8ed1ab_0
  - vc=14.3=hcf57466_18
  - vc14_runtime=14.38.33130=h82b7239_18
  - vs2015_runtime=14.38.33130=hcb4865c_18
  - wheel=0.42.0=pyhd8ed1ab_0
  - win_inet_pton=1.1.0=pyhd8ed1ab_6
  - xorg-libxau=1.0.11=hcd874cb_0
  - xorg-libxdmcp=1.1.3=hcd874cb_0
  - xz=5.2.6=h8d14728_0
  - yaml=0.2.5=h8ffe710_2
  - zarr=2.14.2=pyhd8ed1ab_0
  - zict=3.0.0=pyhd8ed1ab_0
  - zstd=1.5.5=h12be248_0
  - pip:
      - geoapps-utils === 0.2.0
      - geoh5py === 0.8.0
      - joblib === 1.3.2
      - mira-simpeg === 0.19.0.dev6
      - octree-creation-app @ https://github.com/MiraGeoscience/octree-creation-app/archive/refs/heads/develop.zip
      - pandas === 2.2.0
      - param-sweeps === 0.1.6
      - properties === 0.6.1
      - pytz === 2023.3.post1
      - scikit-learn === 1.4.0
      - simpeg-archive === 0.11.0.dev6
      - threadpoolctl === 3.2.0
      - tzdata === 2023.4
      - vectormath === 0.2.2

variables:
  KMP_WARNINGS: 0
